
Microsoft Visual Studio Solution File, Format Version 12.00
# Visual Studio Version 16
VisualStudioVersion = 16.0.31424.327
MinimumVisualStudioVersion = 10.0.40219.1
Project("{9A19103F-16F7-4668-BE54-9A1E7A4F7556}") = "FontAwesome6", "FontAwesome6\FontAwesome6\FontAwesome6.csproj", "{05BB91CB-9AD9-4922-AD6F-8EB2B2D367B1}"
EndProject
Project("{2150E333-8FDC-42A3-9474-1A3956D46DE8}") = "Fonts", "Fonts", "{0B145F86-1BBE-48F5-A40F-B561FAFAF174}"
EndProject
Project("{2150E333-8FDC-42A3-9474-1A3956D46DE8}") = "SVG", "SVG", "{D67C2CEA-B19F-461E-857A-EEAFD66EEF68}"
EndProject
Project("{9A19103F-16F7-4668-BE54-9A1E7A4F7556}") = "FontAwesome6.Svg.Net", "FontAwesome6.Svg.Net\FontAwesome6.Svg.Net.csproj", "{DC8F0D88-4BB3-4877-B453-04FE6AB420C4}"
EndProject
Project("{9A19103F-16F7-4668-BE54-9A1E7A4F7556}") = "FontAwesome6.Fonts.Net", "FontAwesome6.Fonts.Net\FontAwesome6.Fonts.Net.csproj", "{51152FA9-9588-4ADD-B693-FFAF5BBFBD65}"
EndProject
Project("{2150E333-8FDC-42A3-9474-1A3956D46DE8}") = "NuGet", "NuGet", "{908633A5-681A-48F4-B5CB-432ACD80B587}"
	ProjectSection(SolutionItems) = preProject
		NuGet\FontAwesome6.Fonts.nuspec = NuGet\FontAwesome6.Fonts.nuspec
		NuGet\FontAwesome6.Pro.Fonts.nuspec = NuGet\FontAwesome6.Pro.Fonts.nuspec
		NuGet\FontAwesome6.Pro.Svg.nuspec = NuGet\FontAwesome6.Pro.Svg.nuspec
		NuGet\FontAwesome6.Svg.nuspec = NuGet\FontAwesome6.Svg.nuspec
	EndProjectSection
EndProject
Project("{2150E333-8FDC-42A3-9474-1A3956D46DE8}") = "Tools", "Tools", "{864C8755-8660-4C70-8D0E-E10D6C914343}"
EndProject
Project("{9A19103F-16F7-4668-BE54-9A1E7A4F7556}") = "FontAwesome6.Generator", "FontAwesome6.Generator\FontAwesome6.Generator.csproj", "{449C14AD-8CD3-48A2-AFBD-860BB9D4EB39}"
EndProject
Project("{2150E333-8FDC-42A3-9474-1A3956D46DE8}") = "Solution Items", "Solution Items", "{BA997962-D053-4797-B0FE-B507745DBE6F}"
	ProjectSection(SolutionItems) = preProject
		..\.gitignore = ..\.gitignore
		..\CHANGELOG.md = ..\CHANGELOG.md
		..\README.md = ..\README.md
	EndProjectSection
EndProject
Project("{FAE04EC0-301F-11D3-BF4B-00C04F79EFBC}") = "FontAwesome6.Fonts.UWP", "FontAwesome6.Fonts.UWP\FontAwesome6.Fonts.UWP.csproj", "{11B6C158-417B-418F-A0F2-ECB5B0AD13D8}"
EndProject
Project("{D954291E-2A0B-460D-934E-DC6B0785DB48}") = "FontAwesome6.Fonts.Shared", "FontAwesome6.Fonts.Shared\FontAwesome6.Fonts.Shared.shproj", "{51FD009E-4CEE-4605-AF9D-DDD83AFD6AB5}"
EndProject
Project("{D954291E-2A0B-460D-934E-DC6B0785DB48}") = "FontAwesome6.Svg.Shared", "FontAwesome6.Svg.Shared\FontAwesome6.Svg.Shared.shproj", "{2F8530CA-7582-455F-96A4-C33839502EE4}"
EndProject
Project("{FAE04EC0-301F-11D3-BF4B-00C04F79EFBC}") = "FontAwesome6.Svg.UWP", "FontAwesome6.Svg.UWP\FontAwesome6.Svg.UWP.csproj", "{86CC346F-C01F-4052-B35F-5FE8FBF86B82}"
EndProject
Project("{2150E333-8FDC-42A3-9474-1A3956D46DE8}") = "Examples", "Examples", "{A4FA45D3-1AE7-4FE8-B096-542B274582E8}"
EndProject
Project("{9A19103F-16F7-4668-BE54-9A1E7A4F7556}") = "FontAwesome6.Example.WPF.NetCore", "FontAwesome6.Example.NetCore\FontAwesome6.Example.WPF.NetCore.csproj", "{01B24ABC-B5D6-4EE7-A8E3-C9BD9D23CEF6}"
EndProject
Project("{FAE04EC0-301F-11D3-BF4B-00C04F79EFBC}") = "FontAwesome6.Example.WPF.NetFramework", "FontAwesome6.Example.NetFramework\FontAwesome6.Example.WPF.NetFramework.csproj", "{F371A551-7B55-491A-8C5A-8A2AA1C7BFC1}"
EndProject
Project("{D954291E-2A0B-460D-934E-DC6B0785DB48}") = "FontAwesome6.Example.WPF.Shared", "FontAwesome6.Example.WPF.Shared\FontAwesome6.Example.WPF.Shared.shproj", "{D25EA074-3AD4-49F1-844E-D0BD86596E0C}"
EndProject
Project("{D954291E-2A0B-460D-934E-DC6B0785DB48}") = "FontAwesome6.Shared", "FontAwesome6.Shared\FontAwesome6.Shared.shproj", "{B00644F3-59BC-4294-8E99-D1C79E0C70AC}"
EndProject
Project("{2150E333-8FDC-42A3-9474-1A3956D46DE8}") = "build", "build", "{BC60673A-E580-43C2-8DE0-16482F3078AF}"
	ProjectSection(SolutionItems) = preProject
		..\build\build.yml = ..\build\build.yml
		..\build\GitVersion.yml = ..\build\GitVersion.yml
	EndProjectSection
EndProject
Global
	GlobalSection(SharedMSBuildProjectFiles) = preSolution
		FontAwesome6.Example.WPF.Shared\FontAwesome6.Example.WPF.Shared.projitems*{01b24abc-b5d6-4ee7-a8e3-c9bd9d23cef6}*SharedItemsImports = 5
		FontAwesome6.Fonts.Shared\FontAwesome6.Fonts.Shared.projitems*{11b6c158-417b-418f-a0f2-ecb5b0ad13d8}*SharedItemsImports = 4
		FontAwesome6.Shared\FontAwesome6.Shared.projitems*{11b6c158-417b-418f-a0f2-ecb5b0ad13d8}*SharedItemsImports = 4
		FontAwesome6.Svg.Shared\FontAwesome6.Svg.Shared.projitems*{2f8530ca-7582-455f-96a4-c33839502ee4}*SharedItemsImports = 13
		FontAwesome6.Fonts.Shared\FontAwesome6.Fonts.Shared.projitems*{51152fa9-9588-4add-b693-ffaf5bbfbd65}*SharedItemsImports = 5
		FontAwesome6.Shared\FontAwesome6.Shared.projitems*{51152fa9-9588-4add-b693-ffaf5bbfbd65}*SharedItemsImports = 5
		FontAwesome6.Fonts.Shared\FontAwesome6.Fonts.Shared.projitems*{51fd009e-4cee-4605-af9d-ddd83afd6ab5}*SharedItemsImports = 13
		FontAwesome6.Shared\FontAwesome6.Shared.projitems*{86cc346f-c01f-4052-b35f-5fe8fbf86b82}*SharedItemsImports = 4
		FontAwesome6.Svg.Shared\FontAwesome6.Svg.Shared.projitems*{86cc346f-c01f-4052-b35f-5fe8fbf86b82}*SharedItemsImports = 4
		FontAwesome6.Shared\FontAwesome6.Shared.projitems*{b00644f3-59bc-4294-8e99-d1c79e0c70ac}*SharedItemsImports = 13
		FontAwesome6.Example.WPF.Shared\FontAwesome6.Example.WPF.Shared.projitems*{d25ea074-3ad4-49f1-844e-d0bd86596e0c}*SharedItemsImports = 13
		FontAwesome6.Shared\FontAwesome6.Shared.projitems*{dc8f0d88-4bb3-4877-b453-04fe6ab420c4}*SharedItemsImports = 5
		FontAwesome6.Svg.Shared\FontAwesome6.Svg.Shared.projitems*{dc8f0d88-4bb3-4877-b453-04fe6ab420c4}*SharedItemsImports = 5
		FontAwesome6.Example.WPF.Shared\FontAwesome6.Example.WPF.Shared.projitems*{f371a551-7b55-491a-8c5a-8a2aa1c7bfc1}*SharedItemsImports = 4
	EndGlobalSection
	GlobalSection(SolutionConfigurationPlatforms) = preSolution
		Debug|Any CPU = Debug|Any CPU
		Debug|ARM = Debug|ARM
		Debug|ARM64 = Debug|ARM64
		Debug|x64 = Debug|x64
		Debug|x86 = Debug|x86
		DebugPro|Any CPU = DebugPro|Any CPU
		DebugPro|ARM = DebugPro|ARM
		DebugPro|ARM64 = DebugPro|ARM64
		DebugPro|x64 = DebugPro|x64
		DebugPro|x86 = DebugPro|x86
		Release|Any CPU = Release|Any CPU
		Release|ARM = Release|ARM
		Release|ARM64 = Release|ARM64
		Release|x64 = Release|x64
		Release|x86 = Release|x86
		ReleasePro|Any CPU = ReleasePro|Any CPU
		ReleasePro|ARM = ReleasePro|ARM
		ReleasePro|ARM64 = ReleasePro|ARM64
		ReleasePro|x64 = ReleasePro|x64
		ReleasePro|x86 = ReleasePro|x86
	EndGlobalSection
	GlobalSection(ProjectConfigurationPlatforms) = postSolution
		{05BB91CB-9AD9-4922-AD6F-8EB2B2D367B1}.Debug|Any CPU.ActiveCfg = Debug|Any CPU
		{05BB91CB-9AD9-4922-AD6F-8EB2B2D367B1}.Debug|Any CPU.Build.0 = Debug|Any CPU
		{05BB91CB-9AD9-4922-AD6F-8EB2B2D367B1}.Debug|ARM.ActiveCfg = Debug|Any CPU
		{05BB91CB-9AD9-4922-AD6F-8EB2B2D367B1}.Debug|ARM.Build.0 = Debug|Any CPU
		{05BB91CB-9AD9-4922-AD6F-8EB2B2D367B1}.Debug|ARM64.ActiveCfg = Debug|Any CPU
		{05BB91CB-9AD9-4922-AD6F-8EB2B2D367B1}.Debug|ARM64.Build.0 = Debug|Any CPU
		{05BB91CB-9AD9-4922-AD6F-8EB2B2D367B1}.Debug|x64.ActiveCfg = Debug|Any CPU
		{05BB91CB-9AD9-4922-AD6F-8EB2B2D367B1}.Debug|x64.Build.0 = Debug|Any CPU
		{05BB91CB-9AD9-4922-AD6F-8EB2B2D367B1}.Debug|x86.ActiveCfg = Debug|Any CPU
		{05BB91CB-9AD9-4922-AD6F-8EB2B2D367B1}.Debug|x86.Build.0 = Debug|Any CPU
		{05BB91CB-9AD9-4922-AD6F-8EB2B2D367B1}.DebugPro|Any CPU.ActiveCfg = DebugPro|Any CPU
		{05BB91CB-9AD9-4922-AD6F-8EB2B2D367B1}.DebugPro|Any CPU.Build.0 = DebugPro|Any CPU
		{05BB91CB-9AD9-4922-AD6F-8EB2B2D367B1}.DebugPro|ARM.ActiveCfg = Debug|Any CPU
		{05BB91CB-9AD9-4922-AD6F-8EB2B2D367B1}.DebugPro|ARM.Build.0 = Debug|Any CPU
		{05BB91CB-9AD9-4922-AD6F-8EB2B2D367B1}.DebugPro|ARM64.ActiveCfg = Debug|Any CPU
		{05BB91CB-9AD9-4922-AD6F-8EB2B2D367B1}.DebugPro|ARM64.Build.0 = Debug|Any CPU
		{05BB91CB-9AD9-4922-AD6F-8EB2B2D367B1}.DebugPro|x64.ActiveCfg = Debug|Any CPU
		{05BB91CB-9AD9-4922-AD6F-8EB2B2D367B1}.DebugPro|x64.Build.0 = Debug|Any CPU
		{05BB91CB-9AD9-4922-AD6F-8EB2B2D367B1}.DebugPro|x86.ActiveCfg = Debug|Any CPU
		{05BB91CB-9AD9-4922-AD6F-8EB2B2D367B1}.DebugPro|x86.Build.0 = Debug|Any CPU
		{05BB91CB-9AD9-4922-AD6F-8EB2B2D367B1}.Release|Any CPU.ActiveCfg = Release|Any CPU
		{05BB91CB-9AD9-4922-AD6F-8EB2B2D367B1}.Release|Any CPU.Build.0 = Release|Any CPU
		{05BB91CB-9AD9-4922-AD6F-8EB2B2D367B1}.Release|ARM.ActiveCfg = Release|Any CPU
		{05BB91CB-9AD9-4922-AD6F-8EB2B2D367B1}.Release|ARM.Build.0 = Release|Any CPU
		{05BB91CB-9AD9-4922-AD6F-8EB2B2D367B1}.Release|ARM64.ActiveCfg = Release|Any CPU
		{05BB91CB-9AD9-4922-AD6F-8EB2B2D367B1}.Release|ARM64.Build.0 = Release|Any CPU
		{05BB91CB-9AD9-4922-AD6F-8EB2B2D367B1}.Release|x64.ActiveCfg = Release|Any CPU
		{05BB91CB-9AD9-4922-AD6F-8EB2B2D367B1}.Release|x64.Build.0 = Release|Any CPU
		{05BB91CB-9AD9-4922-AD6F-8EB2B2D367B1}.Release|x86.ActiveCfg = Release|Any CPU
		{05BB91CB-9AD9-4922-AD6F-8EB2B2D367B1}.Release|x86.Build.0 = Release|Any CPU
		{05BB91CB-9AD9-4922-AD6F-8EB2B2D367B1}.ReleasePro|Any CPU.ActiveCfg = ReleasePro|Any CPU
		{05BB91CB-9AD9-4922-AD6F-8EB2B2D367B1}.ReleasePro|Any CPU.Build.0 = ReleasePro|Any CPU
		{05BB91CB-9AD9-4922-AD6F-8EB2B2D367B1}.ReleasePro|ARM.ActiveCfg = Release|Any CPU
		{05BB91CB-9AD9-4922-AD6F-8EB2B2D367B1}.ReleasePro|ARM.Build.0 = Release|Any CPU
		{05BB91CB-9AD9-4922-AD6F-8EB2B2D367B1}.ReleasePro|ARM64.ActiveCfg = Release|Any CPU
		{05BB91CB-9AD9-4922-AD6F-8EB2B2D367B1}.ReleasePro|ARM64.Build.0 = Release|Any CPU
		{05BB91CB-9AD9-4922-AD6F-8EB2B2D367B1}.ReleasePro|x64.ActiveCfg = Release|Any CPU
		{05BB91CB-9AD9-4922-AD6F-8EB2B2D367B1}.ReleasePro|x64.Build.0 = Release|Any CPU
		{05BB91CB-9AD9-4922-AD6F-8EB2B2D367B1}.ReleasePro|x86.ActiveCfg = Release|Any CPU
		{05BB91CB-9AD9-4922-AD6F-8EB2B2D367B1}.ReleasePro|x86.Build.0 = Release|Any CPU
		{DC8F0D88-4BB3-4877-B453-04FE6AB420C4}.Debug|Any CPU.ActiveCfg = Debug|Any CPU
		{DC8F0D88-4BB3-4877-B453-04FE6AB420C4}.Debug|Any CPU.Build.0 = Debug|Any CPU
		{DC8F0D88-4BB3-4877-B453-04FE6AB420C4}.Debug|ARM.ActiveCfg = Debug|Any CPU
		{DC8F0D88-4BB3-4877-B453-04FE6AB420C4}.Debug|ARM.Build.0 = Debug|Any CPU
		{DC8F0D88-4BB3-4877-B453-04FE6AB420C4}.Debug|ARM64.ActiveCfg = Debug|Any CPU
		{DC8F0D88-4BB3-4877-B453-04FE6AB420C4}.Debug|ARM64.Build.0 = Debug|Any CPU
		{DC8F0D88-4BB3-4877-B453-04FE6AB420C4}.Debug|x64.ActiveCfg = Debug|Any CPU
		{DC8F0D88-4BB3-4877-B453-04FE6AB420C4}.Debug|x64.Build.0 = Debug|Any CPU
		{DC8F0D88-4BB3-4877-B453-04FE6AB420C4}.Debug|x86.ActiveCfg = Debug|Any CPU
		{DC8F0D88-4BB3-4877-B453-04FE6AB420C4}.Debug|x86.Build.0 = Debug|Any CPU
		{DC8F0D88-4BB3-4877-B453-04FE6AB420C4}.DebugPro|Any CPU.ActiveCfg = DebugPro|Any CPU
		{DC8F0D88-4BB3-4877-B453-04FE6AB420C4}.DebugPro|Any CPU.Build.0 = DebugPro|Any CPU
		{DC8F0D88-4BB3-4877-B453-04FE6AB420C4}.DebugPro|ARM.ActiveCfg = Debug|Any CPU
		{DC8F0D88-4BB3-4877-B453-04FE6AB420C4}.DebugPro|ARM.Build.0 = Debug|Any CPU
		{DC8F0D88-4BB3-4877-B453-04FE6AB420C4}.DebugPro|ARM64.ActiveCfg = Debug|Any CPU
		{DC8F0D88-4BB3-4877-B453-04FE6AB420C4}.DebugPro|ARM64.Build.0 = Debug|Any CPU
		{DC8F0D88-4BB3-4877-B453-04FE6AB420C4}.DebugPro|x64.ActiveCfg = Debug|Any CPU
		{DC8F0D88-4BB3-4877-B453-04FE6AB420C4}.DebugPro|x64.Build.0 = Debug|Any CPU
		{DC8F0D88-4BB3-4877-B453-04FE6AB420C4}.DebugPro|x86.ActiveCfg = Debug|Any CPU
		{DC8F0D88-4BB3-4877-B453-04FE6AB420C4}.DebugPro|x86.Build.0 = Debug|Any CPU
		{DC8F0D88-4BB3-4877-B453-04FE6AB420C4}.Release|Any CPU.ActiveCfg = Release|Any CPU
		{DC8F0D88-4BB3-4877-B453-04FE6AB420C4}.Release|Any CPU.Build.0 = Release|Any CPU
		{DC8F0D88-4BB3-4877-B453-04FE6AB420C4}.Release|ARM.ActiveCfg = Release|Any CPU
		{DC8F0D88-4BB3-4877-B453-04FE6AB420C4}.Release|ARM.Build.0 = Release|Any CPU
		{DC8F0D88-4BB3-4877-B453-04FE6AB420C4}.Release|ARM64.ActiveCfg = Release|Any CPU
		{DC8F0D88-4BB3-4877-B453-04FE6AB420C4}.Release|ARM64.Build.0 = Release|Any CPU
		{DC8F0D88-4BB3-4877-B453-04FE6AB420C4}.Release|x64.ActiveCfg = Release|Any CPU
		{DC8F0D88-4BB3-4877-B453-04FE6AB420C4}.Release|x64.Build.0 = Release|Any CPU
		{DC8F0D88-4BB3-4877-B453-04FE6AB420C4}.Release|x86.ActiveCfg = Release|Any CPU
		{DC8F0D88-4BB3-4877-B453-04FE6AB420C4}.Release|x86.Build.0 = Release|Any CPU
		{DC8F0D88-4BB3-4877-B453-04FE6AB420C4}.ReleasePro|Any CPU.ActiveCfg = ReleasePro|Any CPU
		{DC8F0D88-4BB3-4877-B453-04FE6AB420C4}.ReleasePro|Any CPU.Build.0 = ReleasePro|Any CPU
		{DC8F0D88-4BB3-4877-B453-04FE6AB420C4}.ReleasePro|ARM.ActiveCfg = Release|Any CPU
		{DC8F0D88-4BB3-4877-B453-04FE6AB420C4}.ReleasePro|ARM.Build.0 = Release|Any CPU
		{DC8F0D88-4BB3-4877-B453-04FE6AB420C4}.ReleasePro|ARM64.ActiveCfg = Release|Any CPU
		{DC8F0D88-4BB3-4877-B453-04FE6AB420C4}.ReleasePro|ARM64.Build.0 = Release|Any CPU
		{DC8F0D88-4BB3-4877-B453-04FE6AB420C4}.ReleasePro|x64.ActiveCfg = Release|Any CPU
		{DC8F0D88-4BB3-4877-B453-04FE6AB420C4}.ReleasePro|x64.Build.0 = Release|Any CPU
		{DC8F0D88-4BB3-4877-B453-04FE6AB420C4}.ReleasePro|x86.ActiveCfg = Release|Any CPU
		{DC8F0D88-4BB3-4877-B453-04FE6AB420C4}.ReleasePro|x86.Build.0 = Release|Any CPU
		{51152FA9-9588-4ADD-B693-FFAF5BBFBD65}.Debug|Any CPU.ActiveCfg = Debug|Any CPU
		{51152FA9-9588-4ADD-B693-FFAF5BBFBD65}.Debug|Any CPU.Build.0 = Debug|Any CPU
		{51152FA9-9588-4ADD-B693-FFAF5BBFBD65}.Debug|ARM.ActiveCfg = Debug|Any CPU
		{51152FA9-9588-4ADD-B693-FFAF5BBFBD65}.Debug|ARM.Build.0 = Debug|Any CPU
		{51152FA9-9588-4ADD-B693-FFAF5BBFBD65}.Debug|ARM64.ActiveCfg = Debug|Any CPU
		{51152FA9-9588-4ADD-B693-FFAF5BBFBD65}.Debug|ARM64.Build.0 = Debug|Any CPU
		{51152FA9-9588-4ADD-B693-FFAF5BBFBD65}.Debug|x64.ActiveCfg = Debug|Any CPU
		{51152FA9-9588-4ADD-B693-FFAF5BBFBD65}.Debug|x64.Build.0 = Debug|Any CPU
		{51152FA9-9588-4ADD-B693-FFAF5BBFBD65}.Debug|x86.ActiveCfg = Debug|Any CPU
		{51152FA9-9588-4ADD-B693-FFAF5BBFBD65}.Debug|x86.Build.0 = Debug|Any CPU
		{51152FA9-9588-4ADD-B693-FFAF5BBFBD65}.DebugPro|Any CPU.ActiveCfg = DebugPro|Any CPU
		{51152FA9-9588-4ADD-B693-FFAF5BBFBD65}.DebugPro|Any CPU.Build.0 = DebugPro|Any CPU
		{51152FA9-9588-4ADD-B693-FFAF5BBFBD65}.DebugPro|ARM.ActiveCfg = Debug|Any CPU
		{51152FA9-9588-4ADD-B693-FFAF5BBFBD65}.DebugPro|ARM.Build.0 = Debug|Any CPU
		{51152FA9-9588-4ADD-B693-FFAF5BBFBD65}.DebugPro|ARM64.ActiveCfg = Debug|Any CPU
		{51152FA9-9588-4ADD-B693-FFAF5BBFBD65}.DebugPro|ARM64.Build.0 = Debug|Any CPU
		{51152FA9-9588-4ADD-B693-FFAF5BBFBD65}.DebugPro|x64.ActiveCfg = Debug|Any CPU
		{51152FA9-9588-4ADD-B693-FFAF5BBFBD65}.DebugPro|x64.Build.0 = Debug|Any CPU
		{51152FA9-9588-4ADD-B693-FFAF5BBFBD65}.DebugPro|x86.ActiveCfg = Debug|Any CPU
		{51152FA9-9588-4ADD-B693-FFAF5BBFBD65}.DebugPro|x86.Build.0 = Debug|Any CPU
		{51152FA9-9588-4ADD-B693-FFAF5BBFBD65}.Release|Any CPU.ActiveCfg = Release|Any CPU
		{51152FA9-9588-4ADD-B693-FFAF5BBFBD65}.Release|Any CPU.Build.0 = Release|Any CPU
		{51152FA9-9588-4ADD-B693-FFAF5BBFBD65}.Release|ARM.ActiveCfg = Release|Any CPU
		{51152FA9-9588-4ADD-B693-FFAF5BBFBD65}.Release|ARM.Build.0 = Release|Any CPU
		{51152FA9-9588-4ADD-B693-FFAF5BBFBD65}.Release|ARM64.ActiveCfg = Release|Any CPU
		{51152FA9-9588-4ADD-B693-FFAF5BBFBD65}.Release|ARM64.Build.0 = Release|Any CPU
		{51152FA9-9588-4ADD-B693-FFAF5BBFBD65}.Release|x64.ActiveCfg = Release|Any CPU
		{51152FA9-9588-4ADD-B693-FFAF5BBFBD65}.Release|x64.Build.0 = Release|Any CPU
		{51152FA9-9588-4ADD-B693-FFAF5BBFBD65}.Release|x86.ActiveCfg = Release|Any CPU
		{51152FA9-9588-4ADD-B693-FFAF5BBFBD65}.Release|x86.Build.0 = Release|Any CPU
		{51152FA9-9588-4ADD-B693-FFAF5BBFBD65}.ReleasePro|Any CPU.ActiveCfg = ReleasePro|Any CPU
		{51152FA9-9588-4ADD-B693-FFAF5BBFBD65}.ReleasePro|Any CPU.Build.0 = ReleasePro|Any CPU
		{51152FA9-9588-4ADD-B693-FFAF5BBFBD65}.ReleasePro|ARM.ActiveCfg = Release|Any CPU
		{51152FA9-9588-4ADD-B693-FFAF5BBFBD65}.ReleasePro|ARM.Build.0 = Release|Any CPU
		{51152FA9-9588-4ADD-B693-FFAF5BBFBD65}.ReleasePro|ARM64.ActiveCfg = Release|Any CPU
		{51152FA9-9588-4ADD-B693-FFAF5BBFBD65}.ReleasePro|ARM64.Build.0 = Release|Any CPU
		{51152FA9-9588-4ADD-B693-FFAF5BBFBD65}.ReleasePro|x64.ActiveCfg = Release|Any CPU
		{51152FA9-9588-4ADD-B693-FFAF5BBFBD65}.ReleasePro|x64.Build.0 = Release|Any CPU
		{51152FA9-9588-4ADD-B693-FFAF5BBFBD65}.ReleasePro|x86.ActiveCfg = Release|Any CPU
		{51152FA9-9588-4ADD-B693-FFAF5BBFBD65}.ReleasePro|x86.Build.0 = Release|Any CPU
		{449C14AD-8CD3-48A2-AFBD-860BB9D4EB39}.Debug|Any CPU.ActiveCfg = Debug|Any CPU
		{449C14AD-8CD3-48A2-AFBD-860BB9D4EB39}.Debug|Any CPU.Build.0 = Debug|Any CPU
		{449C14AD-8CD3-48A2-AFBD-860BB9D4EB39}.Debug|ARM.ActiveCfg = Debug|Any CPU
		{449C14AD-8CD3-48A2-AFBD-860BB9D4EB39}.Debug|ARM.Build.0 = Debug|Any CPU
		{449C14AD-8CD3-48A2-AFBD-860BB9D4EB39}.Debug|ARM64.ActiveCfg = Debug|Any CPU
		{449C14AD-8CD3-48A2-AFBD-860BB9D4EB39}.Debug|ARM64.Build.0 = Debug|Any CPU
		{449C14AD-8CD3-48A2-AFBD-860BB9D4EB39}.Debug|x64.ActiveCfg = Debug|Any CPU
		{449C14AD-8CD3-48A2-AFBD-860BB9D4EB39}.Debug|x64.Build.0 = Debug|Any CPU
		{449C14AD-8CD3-48A2-AFBD-860BB9D4EB39}.Debug|x86.ActiveCfg = Debug|Any CPU
		{449C14AD-8CD3-48A2-AFBD-860BB9D4EB39}.Debug|x86.Build.0 = Debug|Any CPU
		{449C14AD-8CD3-48A2-AFBD-860BB9D4EB39}.DebugPro|Any CPU.ActiveCfg = Debug|Any CPU
		{449C14AD-8CD3-48A2-AFBD-860BB9D4EB39}.DebugPro|Any CPU.Build.0 = Debug|Any CPU
		{449C14AD-8CD3-48A2-AFBD-860BB9D4EB39}.DebugPro|ARM.ActiveCfg = Debug|Any CPU
		{449C14AD-8CD3-48A2-AFBD-860BB9D4EB39}.DebugPro|ARM.Build.0 = Debug|Any CPU
		{449C14AD-8CD3-48A2-AFBD-860BB9D4EB39}.DebugPro|ARM64.ActiveCfg = Debug|Any CPU
		{449C14AD-8CD3-48A2-AFBD-860BB9D4EB39}.DebugPro|ARM64.Build.0 = Debug|Any CPU
		{449C14AD-8CD3-48A2-AFBD-860BB9D4EB39}.DebugPro|x64.ActiveCfg = Debug|Any CPU
		{449C14AD-8CD3-48A2-AFBD-860BB9D4EB39}.DebugPro|x64.Build.0 = Debug|Any CPU
		{449C14AD-8CD3-48A2-AFBD-860BB9D4EB39}.DebugPro|x86.ActiveCfg = Debug|Any CPU
		{449C14AD-8CD3-48A2-AFBD-860BB9D4EB39}.DebugPro|x86.Build.0 = Debug|Any CPU
		{449C14AD-8CD3-48A2-AFBD-860BB9D4EB39}.Release|Any CPU.ActiveCfg = Release|Any CPU
		{449C14AD-8CD3-48A2-AFBD-860BB9D4EB39}.Release|Any CPU.Build.0 = Release|Any CPU
		{449C14AD-8CD3-48A2-AFBD-860BB9D4EB39}.Release|ARM.ActiveCfg = Release|Any CPU
		{449C14AD-8CD3-48A2-AFBD-860BB9D4EB39}.Release|ARM.Build.0 = Release|Any CPU
		{449C14AD-8CD3-48A2-AFBD-860BB9D4EB39}.Release|ARM64.ActiveCfg = Release|Any CPU
		{449C14AD-8CD3-48A2-AFBD-860BB9D4EB39}.Release|ARM64.Build.0 = Release|Any CPU
		{449C14AD-8CD3-48A2-AFBD-860BB9D4EB39}.Release|x64.ActiveCfg = Release|Any CPU
		{449C14AD-8CD3-48A2-AFBD-860BB9D4EB39}.Release|x64.Build.0 = Release|Any CPU
		{449C14AD-8CD3-48A2-AFBD-860BB9D4EB39}.Release|x86.ActiveCfg = Release|Any CPU
		{449C14AD-8CD3-48A2-AFBD-860BB9D4EB39}.Release|x86.Build.0 = Release|Any CPU
		{449C14AD-8CD3-48A2-AFBD-860BB9D4EB39}.ReleasePro|Any CPU.ActiveCfg = Release|Any CPU
		{449C14AD-8CD3-48A2-AFBD-860BB9D4EB39}.ReleasePro|Any CPU.Build.0 = Release|Any CPU
		{449C14AD-8CD3-48A2-AFBD-860BB9D4EB39}.ReleasePro|ARM.ActiveCfg = Release|Any CPU
		{449C14AD-8CD3-48A2-AFBD-860BB9D4EB39}.ReleasePro|ARM.Build.0 = Release|Any CPU
		{449C14AD-8CD3-48A2-AFBD-860BB9D4EB39}.ReleasePro|ARM64.ActiveCfg = Release|Any CPU
		{449C14AD-8CD3-48A2-AFBD-860BB9D4EB39}.ReleasePro|ARM64.Build.0 = Release|Any CPU
		{449C14AD-8CD3-48A2-AFBD-860BB9D4EB39}.ReleasePro|x64.ActiveCfg = Release|Any CPU
		{449C14AD-8CD3-48A2-AFBD-860BB9D4EB39}.ReleasePro|x64.Build.0 = Release|Any CPU
		{449C14AD-8CD3-48A2-AFBD-860BB9D4EB39}.ReleasePro|x86.ActiveCfg = Release|Any CPU
		{449C14AD-8CD3-48A2-AFBD-860BB9D4EB39}.ReleasePro|x86.Build.0 = Release|Any CPU
		{11B6C158-417B-418F-A0F2-ECB5B0AD13D8}.Debug|Any CPU.ActiveCfg = Debug|Any CPU
		{11B6C158-417B-418F-A0F2-ECB5B0AD13D8}.Debug|Any CPU.Build.0 = Debug|Any CPU
		{11B6C158-417B-418F-A0F2-ECB5B0AD13D8}.Debug|ARM.ActiveCfg = Debug|ARM
		{11B6C158-417B-418F-A0F2-ECB5B0AD13D8}.Debug|ARM.Build.0 = Debug|ARM
		{11B6C158-417B-418F-A0F2-ECB5B0AD13D8}.Debug|ARM64.ActiveCfg = Debug|ARM64
		{11B6C158-417B-418F-A0F2-ECB5B0AD13D8}.Debug|ARM64.Build.0 = Debug|ARM64
		{11B6C158-417B-418F-A0F2-ECB5B0AD13D8}.Debug|x64.ActiveCfg = Debug|x64
		{11B6C158-417B-418F-A0F2-ECB5B0AD13D8}.Debug|x64.Build.0 = Debug|x64
		{11B6C158-417B-418F-A0F2-ECB5B0AD13D8}.Debug|x86.ActiveCfg = Debug|x86
		{11B6C158-417B-418F-A0F2-ECB5B0AD13D8}.Debug|x86.Build.0 = Debug|x86
		{11B6C158-417B-418F-A0F2-ECB5B0AD13D8}.DebugPro|Any CPU.ActiveCfg = DebugPro|Any CPU
		{11B6C158-417B-418F-A0F2-ECB5B0AD13D8}.DebugPro|Any CPU.Build.0 = DebugPro|Any CPU
		{11B6C158-417B-418F-A0F2-ECB5B0AD13D8}.DebugPro|ARM.ActiveCfg = Debug|ARM
		{11B6C158-417B-418F-A0F2-ECB5B0AD13D8}.DebugPro|ARM.Build.0 = Debug|ARM
		{11B6C158-417B-418F-A0F2-ECB5B0AD13D8}.DebugPro|ARM64.ActiveCfg = Debug|ARM64
		{11B6C158-417B-418F-A0F2-ECB5B0AD13D8}.DebugPro|ARM64.Build.0 = Debug|ARM64
		{11B6C158-417B-418F-A0F2-ECB5B0AD13D8}.DebugPro|x64.ActiveCfg = Debug|x64
		{11B6C158-417B-418F-A0F2-ECB5B0AD13D8}.DebugPro|x64.Build.0 = Debug|x64
		{11B6C158-417B-418F-A0F2-ECB5B0AD13D8}.DebugPro|x86.ActiveCfg = Debug|x86
		{11B6C158-417B-418F-A0F2-ECB5B0AD13D8}.DebugPro|x86.Build.0 = Debug|x86
		{11B6C158-417B-418F-A0F2-ECB5B0AD13D8}.Release|Any CPU.ActiveCfg = Release|Any CPU
		{11B6C158-417B-418F-A0F2-ECB5B0AD13D8}.Release|Any CPU.Build.0 = Release|Any CPU
		{11B6C158-417B-418F-A0F2-ECB5B0AD13D8}.Release|ARM.ActiveCfg = Release|ARM
		{11B6C158-417B-418F-A0F2-ECB5B0AD13D8}.Release|ARM.Build.0 = Release|ARM
		{11B6C158-417B-418F-A0F2-ECB5B0AD13D8}.Release|ARM64.ActiveCfg = Release|ARM64
		{11B6C158-417B-418F-A0F2-ECB5B0AD13D8}.Release|ARM64.Build.0 = Release|ARM64
		{11B6C158-417B-418F-A0F2-ECB5B0AD13D8}.Release|x64.ActiveCfg = Release|x64
		{11B6C158-417B-418F-A0F2-ECB5B0AD13D8}.Release|x64.Build.0 = Release|x64
		{11B6C158-417B-418F-A0F2-ECB5B0AD13D8}.Release|x86.ActiveCfg = Release|x86
		{11B6C158-417B-418F-A0F2-ECB5B0AD13D8}.Release|x86.Build.0 = Release|x86
		{11B6C158-417B-418F-A0F2-ECB5B0AD13D8}.ReleasePro|Any CPU.ActiveCfg = ReleasePro|Any CPU
		{11B6C158-417B-418F-A0F2-ECB5B0AD13D8}.ReleasePro|Any CPU.Build.0 = ReleasePro|Any CPU
		{11B6C158-417B-418F-A0F2-ECB5B0AD13D8}.ReleasePro|ARM.ActiveCfg = Release|ARM
		{11B6C158-417B-418F-A0F2-ECB5B0AD13D8}.ReleasePro|ARM.Build.0 = Release|ARM
		{11B6C158-417B-418F-A0F2-ECB5B0AD13D8}.ReleasePro|ARM64.ActiveCfg = Release|ARM64
		{11B6C158-417B-418F-A0F2-ECB5B0AD13D8}.ReleasePro|ARM64.Build.0 = Release|ARM64
		{11B6C158-417B-418F-A0F2-ECB5B0AD13D8}.ReleasePro|x64.ActiveCfg = Release|x64
		{11B6C158-417B-418F-A0F2-ECB5B0AD13D8}.ReleasePro|x64.Build.0 = Release|x64
		{11B6C158-417B-418F-A0F2-ECB5B0AD13D8}.ReleasePro|x86.ActiveCfg = Release|x86
		{11B6C158-417B-418F-A0F2-ECB5B0AD13D8}.ReleasePro|x86.Build.0 = Release|x86
		{86CC346F-C01F-4052-B35F-5FE8FBF86B82}.Debug|Any CPU.ActiveCfg = Debug|Any CPU
		{86CC346F-C01F-4052-B35F-5FE8FBF86B82}.Debug|Any CPU.Build.0 = Debug|Any CPU
		{86CC346F-C01F-4052-B35F-5FE8FBF86B82}.Debug|ARM.ActiveCfg = Debug|ARM
		{86CC346F-C01F-4052-B35F-5FE8FBF86B82}.Debug|ARM.Build.0 = Debug|ARM
		{86CC346F-C01F-4052-B35F-5FE8FBF86B82}.Debug|ARM64.ActiveCfg = Debug|ARM64
		{86CC346F-C01F-4052-B35F-5FE8FBF86B82}.Debug|ARM64.Build.0 = Debug|ARM64
		{86CC346F-C01F-4052-B35F-5FE8FBF86B82}.Debug|x64.ActiveCfg = Debug|x64
		{86CC346F-C01F-4052-B35F-5FE8FBF86B82}.Debug|x64.Build.0 = Debug|x64
		{86CC346F-C01F-4052-B35F-5FE8FBF86B82}.Debug|x86.ActiveCfg = Debug|x86
		{86CC346F-C01F-4052-B35F-5FE8FBF86B82}.Debug|x86.Build.0 = Debug|x86
		{86CC346F-C01F-4052-B35F-5FE8FBF86B82}.DebugPro|Any CPU.ActiveCfg = DebugPro|Any CPU
		{86CC346F-C01F-4052-B35F-5FE8FBF86B82}.DebugPro|Any CPU.Build.0 = DebugPro|Any CPU
		{86CC346F-C01F-4052-B35F-5FE8FBF86B82}.DebugPro|ARM.ActiveCfg = Debug|ARM
		{86CC346F-C01F-4052-B35F-5FE8FBF86B82}.DebugPro|ARM.Build.0 = Debug|ARM
		{86CC346F-C01F-4052-B35F-5FE8FBF86B82}.DebugPro|ARM64.ActiveCfg = Debug|ARM64
		{86CC346F-C01F-4052-B35F-5FE8FBF86B82}.DebugPro|ARM64.Build.0 = Debug|ARM64
		{86CC346F-C01F-4052-B35F-5FE8FBF86B82}.DebugPro|x64.ActiveCfg = Debug|x64
		{86CC346F-C01F-4052-B35F-5FE8FBF86B82}.DebugPro|x64.Build.0 = Debug|x64
		{86CC346F-C01F-4052-B35F-5FE8FBF86B82}.DebugPro|x86.ActiveCfg = Debug|x86
		{86CC346F-C01F-4052-B35F-5FE8FBF86B82}.DebugPro|x86.Build.0 = Debug|x86
		{86CC346F-C01F-4052-B35F-5FE8FBF86B82}.Release|Any CPU.ActiveCfg = Release|Any CPU
		{86CC346F-C01F-4052-B35F-5FE8FBF86B82}.Release|Any CPU.Build.0 = Release|Any CPU
		{86CC346F-C01F-4052-B35F-5FE8FBF86B82}.Release|ARM.ActiveCfg = Release|ARM
		{86CC346F-C01F-4052-B35F-5FE8FBF86B82}.Release|ARM.Build.0 = Release|ARM
		{86CC346F-C01F-4052-B35F-5FE8FBF86B82}.Release|ARM64.ActiveCfg = Release|ARM64
		{86CC346F-C01F-4052-B35F-5FE8FBF86B82}.Release|ARM64.Build.0 = Release|ARM64
		{86CC346F-C01F-4052-B35F-5FE8FBF86B82}.Release|x64.ActiveCfg = Release|x64
		{86CC346F-C01F-4052-B35F-5FE8FBF86B82}.Release|x64.Build.0 = Release|x64
		{86CC346F-C01F-4052-B35F-5FE8FBF86B82}.Release|x86.ActiveCfg = Release|x86
		{86CC346F-C01F-4052-B35F-5FE8FBF86B82}.Release|x86.Build.0 = Release|x86
		{86CC346F-C01F-4052-B35F-5FE8FBF86B82}.ReleasePro|Any CPU.ActiveCfg = ReleasePro|Any CPU
		{86CC346F-C01F-4052-B35F-5FE8FBF86B82}.ReleasePro|Any CPU.Build.0 = ReleasePro|Any CPU
		{86CC346F-C01F-4052-B35F-5FE8FBF86B82}.ReleasePro|ARM.ActiveCfg = Release|ARM
		{86CC346F-C01F-4052-B35F-5FE8FBF86B82}.ReleasePro|ARM.Build.0 = Release|ARM
		{86CC346F-C01F-4052-B35F-5FE8FBF86B82}.ReleasePro|ARM64.ActiveCfg = Release|ARM64
		{86CC346F-C01F-4052-B35F-5FE8FBF86B82}.ReleasePro|ARM64.Build.0 = Release|ARM64
		{86CC346F-C01F-4052-B35F-5FE8FBF86B82}.ReleasePro|x64.ActiveCfg = Release|x64
		{86CC346F-C01F-4052-B35F-5FE8FBF86B82}.ReleasePro|x64.Build.0 = Release|x64
		{86CC346F-C01F-4052-B35F-5FE8FBF86B82}.ReleasePro|x86.ActiveCfg = Release|x86
		{86CC346F-C01F-4052-B35F-5FE8FBF86B82}.ReleasePro|x86.Build.0 = Release|x86
		{01B24ABC-B5D6-4EE7-A8E3-C9BD9D23CEF6}.Debug|Any CPU.ActiveCfg = Debug|Any CPU
		{01B24ABC-B5D6-4EE7-A8E3-C9BD9D23CEF6}.Debug|Any CPU.Build.0 = Debug|Any CPU
		{01B24ABC-B5D6-4EE7-A8E3-C9BD9D23CEF6}.Debug|ARM.ActiveCfg = Debug|Any CPU
		{01B24ABC-B5D6-4EE7-A8E3-C9BD9D23CEF6}.Debug|ARM.Build.0 = Debug|Any CPU
		{01B24ABC-B5D6-4EE7-A8E3-C9BD9D23CEF6}.Debug|ARM64.ActiveCfg = Debug|Any CPU
		{01B24ABC-B5D6-4EE7-A8E3-C9BD9D23CEF6}.Debug|ARM64.Build.0 = Debug|Any CPU
		{01B24ABC-B5D6-4EE7-A8E3-C9BD9D23CEF6}.Debug|x64.ActiveCfg = Debug|Any CPU
		{01B24ABC-B5D6-4EE7-A8E3-C9BD9D23CEF6}.Debug|x64.Build.0 = Debug|Any CPU
		{01B24ABC-B5D6-4EE7-A8E3-C9BD9D23CEF6}.Debug|x86.ActiveCfg = Debug|Any CPU
		{01B24ABC-B5D6-4EE7-A8E3-C9BD9D23CEF6}.Debug|x86.Build.0 = Debug|Any CPU
		{01B24ABC-B5D6-4EE7-A8E3-C9BD9D23CEF6}.DebugPro|Any CPU.ActiveCfg = DebugPro|Any CPU
		{01B24ABC-B5D6-4EE7-A8E3-C9BD9D23CEF6}.DebugPro|Any CPU.Build.0 = DebugPro|Any CPU
		{01B24ABC-B5D6-4EE7-A8E3-C9BD9D23CEF6}.DebugPro|ARM.ActiveCfg = Debug|Any CPU
		{01B24ABC-B5D6-4EE7-A8E3-C9BD9D23CEF6}.DebugPro|ARM.Build.0 = Debug|Any CPU
		{01B24ABC-B5D6-4EE7-A8E3-C9BD9D23CEF6}.DebugPro|ARM64.ActiveCfg = Debug|Any CPU
		{01B24ABC-B5D6-4EE7-A8E3-C9BD9D23CEF6}.DebugPro|ARM64.Build.0 = Debug|Any CPU
		{01B24ABC-B5D6-4EE7-A8E3-C9BD9D23CEF6}.DebugPro|x64.ActiveCfg = Debug|Any CPU
		{01B24ABC-B5D6-4EE7-A8E3-C9BD9D23CEF6}.DebugPro|x64.Build.0 = Debug|Any CPU
		{01B24ABC-B5D6-4EE7-A8E3-C9BD9D23CEF6}.DebugPro|x86.ActiveCfg = Debug|Any CPU
		{01B24ABC-B5D6-4EE7-A8E3-C9BD9D23CEF6}.DebugPro|x86.Build.0 = Debug|Any CPU
		{01B24ABC-B5D6-4EE7-A8E3-C9BD9D23CEF6}.Release|Any CPU.ActiveCfg = Release|Any CPU
		{01B24ABC-B5D6-4EE7-A8E3-C9BD9D23CEF6}.Release|Any CPU.Build.0 = Release|Any CPU
		{01B24ABC-B5D6-4EE7-A8E3-C9BD9D23CEF6}.Release|ARM.ActiveCfg = Release|Any CPU
		{01B24ABC-B5D6-4EE7-A8E3-C9BD9D23CEF6}.Release|ARM.Build.0 = Release|Any CPU
		{01B24ABC-B5D6-4EE7-A8E3-C9BD9D23CEF6}.Release|ARM64.ActiveCfg = Release|Any CPU
		{01B24ABC-B5D6-4EE7-A8E3-C9BD9D23CEF6}.Release|ARM64.Build.0 = Release|Any CPU
		{01B24ABC-B5D6-4EE7-A8E3-C9BD9D23CEF6}.Release|x64.ActiveCfg = Release|Any CPU
		{01B24ABC-B5D6-4EE7-A8E3-C9BD9D23CEF6}.Release|x64.Build.0 = Release|Any CPU
		{01B24ABC-B5D6-4EE7-A8E3-C9BD9D23CEF6}.Release|x86.ActiveCfg = Release|Any CPU
		{01B24ABC-B5D6-4EE7-A8E3-C9BD9D23CEF6}.Release|x86.Build.0 = Release|Any CPU
		{01B24ABC-B5D6-4EE7-A8E3-C9BD9D23CEF6}.ReleasePro|Any CPU.ActiveCfg = ReleasePro|Any CPU
		{01B24ABC-B5D6-4EE7-A8E3-C9BD9D23CEF6}.ReleasePro|Any CPU.Build.0 = ReleasePro|Any CPU
		{01B24ABC-B5D6-4EE7-A8E3-C9BD9D23CEF6}.ReleasePro|ARM.ActiveCfg = Release|Any CPU
		{01B24ABC-B5D6-4EE7-A8E3-C9BD9D23CEF6}.ReleasePro|ARM.Build.0 = Release|Any CPU
		{01B24ABC-B5D6-4EE7-A8E3-C9BD9D23CEF6}.ReleasePro|ARM64.ActiveCfg = Release|Any CPU
		{01B24ABC-B5D6-4EE7-A8E3-C9BD9D23CEF6}.ReleasePro|ARM64.Build.0 = Release|Any CPU
		{01B24ABC-B5D6-4EE7-A8E3-C9BD9D23CEF6}.ReleasePro|x64.ActiveCfg = Release|Any CPU
		{01B24ABC-B5D6-4EE7-A8E3-C9BD9D23CEF6}.ReleasePro|x64.Build.0 = Release|Any CPU
		{01B24ABC-B5D6-4EE7-A8E3-C9BD9D23CEF6}.ReleasePro|x86.ActiveCfg = Release|Any CPU
		{01B24ABC-B5D6-4EE7-A8E3-C9BD9D23CEF6}.ReleasePro|x86.Build.0 = Release|Any CPU
		{F371A551-7B55-491A-8C5A-8A2AA1C7BFC1}.Debug|Any CPU.ActiveCfg = Debug|Any CPU
		{F371A551-7B55-491A-8C5A-8A2AA1C7BFC1}.Debug|Any CPU.Build.0 = Debug|Any CPU
		{F371A551-7B55-491A-8C5A-8A2AA1C7BFC1}.Debug|ARM.ActiveCfg = Debug|Any CPU
		{F371A551-7B55-491A-8C5A-8A2AA1C7BFC1}.Debug|ARM.Build.0 = Debug|Any CPU
		{F371A551-7B55-491A-8C5A-8A2AA1C7BFC1}.Debug|ARM64.ActiveCfg = Debug|Any CPU
		{F371A551-7B55-491A-8C5A-8A2AA1C7BFC1}.Debug|ARM64.Build.0 = Debug|Any CPU
		{F371A551-7B55-491A-8C5A-8A2AA1C7BFC1}.Debug|x64.ActiveCfg = Debug|Any CPU
		{F371A551-7B55-491A-8C5A-8A2AA1C7BFC1}.Debug|x64.Build.0 = Debug|Any CPU
		{F371A551-7B55-491A-8C5A-8A2AA1C7BFC1}.Debug|x86.ActiveCfg = Debug|Any CPU
		{F371A551-7B55-491A-8C5A-8A2AA1C7BFC1}.Debug|x86.Build.0 = Debug|Any CPU
		{F371A551-7B55-491A-8C5A-8A2AA1C7BFC1}.DebugPro|Any CPU.ActiveCfg = DebugPro|Any CPU
		{F371A551-7B55-491A-8C5A-8A2AA1C7BFC1}.DebugPro|Any CPU.Build.0 = DebugPro|Any CPU
		{F371A551-7B55-491A-8C5A-8A2AA1C7BFC1}.DebugPro|ARM.ActiveCfg = Debug|Any CPU
		{F371A551-7B55-491A-8C5A-8A2AA1C7BFC1}.DebugPro|ARM.Build.0 = Debug|Any CPU
		{F371A551-7B55-491A-8C5A-8A2AA1C7BFC1}.DebugPro|ARM64.ActiveCfg = Debug|Any CPU
		{F371A551-7B55-491A-8C5A-8A2AA1C7BFC1}.DebugPro|ARM64.Build.0 = Debug|Any CPU
		{F371A551-7B55-491A-8C5A-8A2AA1C7BFC1}.DebugPro|x64.ActiveCfg = Debug|Any CPU
		{F371A551-7B55-491A-8C5A-8A2AA1C7BFC1}.DebugPro|x64.Build.0 = Debug|Any CPU
		{F371A551-7B55-491A-8C5A-8A2AA1C7BFC1}.DebugPro|x86.ActiveCfg = Debug|Any CPU
		{F371A551-7B55-491A-8C5A-8A2AA1C7BFC1}.DebugPro|x86.Build.0 = Debug|Any CPU
		{F371A551-7B55-491A-8C5A-8A2AA1C7BFC1}.Release|Any CPU.ActiveCfg = Release|Any CPU
		{F371A551-7B55-491A-8C5A-8A2AA1C7BFC1}.Release|Any CPU.Build.0 = Release|Any CPU
		{F371A551-7B55-491A-8C5A-8A2AA1C7BFC1}.Release|ARM.ActiveCfg = Release|Any CPU
		{F371A551-7B55-491A-8C5A-8A2AA1C7BFC1}.Release|ARM.Build.0 = Release|Any CPU
		{F371A551-7B55-491A-8C5A-8A2AA1C7BFC1}.Release|ARM64.ActiveCfg = Release|Any CPU
		{F371A551-7B55-491A-8C5A-8A2AA1C7BFC1}.Release|ARM64.Build.0 = Release|Any CPU
		{F371A551-7B55-491A-8C5A-8A2AA1C7BFC1}.Release|x64.ActiveCfg = Release|Any CPU
		{F371A551-7B55-491A-8C5A-8A2AA1C7BFC1}.Release|x64.Build.0 = Release|Any CPU
		{F371A551-7B55-491A-8C5A-8A2AA1C7BFC1}.Release|x86.ActiveCfg = Release|Any CPU
		{F371A551-7B55-491A-8C5A-8A2AA1C7BFC1}.Release|x86.Build.0 = Release|Any CPU
		{F371A551-7B55-491A-8C5A-8A2AA1C7BFC1}.ReleasePro|Any CPU.ActiveCfg = ReleasePro|Any CPU
		{F371A551-7B55-491A-8C5A-8A2AA1C7BFC1}.ReleasePro|Any CPU.Build.0 = ReleasePro|Any CPU
		{F371A551-7B55-491A-8C5A-8A2AA1C7BFC1}.ReleasePro|ARM.ActiveCfg = Release|Any CPU
		{F371A551-7B55-491A-8C5A-8A2AA1C7BFC1}.ReleasePro|ARM.Build.0 = Release|Any CPU
		{F371A551-7B55-491A-8C5A-8A2AA1C7BFC1}.ReleasePro|ARM64.ActiveCfg = Release|Any CPU
		{F371A551-7B55-491A-8C5A-8A2AA1C7BFC1}.ReleasePro|ARM64.Build.0 = Release|Any CPU
		{F371A551-7B55-491A-8C5A-8A2AA1C7BFC1}.ReleasePro|x64.ActiveCfg = Release|Any CPU
		{F371A551-7B55-491A-8C5A-8A2AA1C7BFC1}.ReleasePro|x64.Build.0 = Release|Any CPU
		{F371A551-7B55-491A-8C5A-8A2AA1C7BFC1}.ReleasePro|x86.ActiveCfg = Release|Any CPU
		{F371A551-7B55-491A-8C5A-8A2AA1C7BFC1}.ReleasePro|x86.Build.0 = Release|Any CPU
	EndGlobalSection
	GlobalSection(SolutionProperties) = preSolution
		HideSolutionNode = FALSE
	EndGlobalSection
	GlobalSection(NestedProjects) = preSolution
		{DC8F0D88-4BB3-4877-B453-04FE6AB420C4} = {D67C2CEA-B19F-461E-857A-EEAFD66EEF68}
		{51152FA9-9588-4ADD-B693-FFAF5BBFBD65} = {0B145F86-1BBE-48F5-A40F-B561FAFAF174}
		{449C14AD-8CD3-48A2-AFBD-860BB9D4EB39} = {864C8755-8660-4C70-8D0E-E10D6C914343}
		{11B6C158-417B-418F-A0F2-ECB5B0AD13D8} = {0B145F86-1BBE-48F5-A40F-B561FAFAF174}
		{51FD009E-4CEE-4605-AF9D-DDD83AFD6AB5} = {0B145F86-1BBE-48F5-A40F-B561FAFAF174}
		{2F8530CA-7582-455F-96A4-C33839502EE4} = {D67C2CEA-B19F-461E-857A-EEAFD66EEF68}
		{86CC346F-C01F-4052-B35F-5FE8FBF86B82} = {D67C2CEA-B19F-461E-857A-EEAFD66EEF68}
		{01B24ABC-B5D6-4EE7-A8E3-C9BD9D23CEF6} = {A4FA45D3-1AE7-4FE8-B096-542B274582E8}
		{F371A551-7B55-491A-8C5A-8A2AA1C7BFC1} = {A4FA45D3-1AE7-4FE8-B096-542B274582E8}
		{D25EA074-3AD4-49F1-844E-D0BD86596E0C} = {A4FA45D3-1AE7-4FE8-B096-542B274582E8}
	EndGlobalSection
	GlobalSection(ExtensibilityGlobals) = postSolution
		SolutionGuid = {ED777760-5E59-4008-834B-7373DE008E3F}
	EndGlobalSection
EndGlobal
