
Microsoft Visual Studio Solution File, Format Version 12.00
# Visual Studio Version 17
VisualStudioVersion = 17.0.31903.59
MinimumVisualStudioVersion = 10.0.40219.1
Project("{2150E333-8FDC-42A3-9474-1A3956D46DE8}") = "FontAwesome6.Fonts", "FontAwesome6.Fonts", "{0B145F86-1BBE-48F5-A40F-B561FAFAF174}"
EndProject
Project("{2150E333-8FDC-42A3-9474-1A3956D46DE8}") = "FontAwesome6.Svg", "FontAwesome6.Svg", "{D67C2CEA-B19F-461E-857A-EEAFD66EEF68}"
EndProject
Project("{9A19103F-16F7-4668-BE54-9A1E7A4F7556}") = "FontAwesome6.Svg.Net", "FontAwesome6.Svg.Net\FontAwesome6.Svg.Net.csproj", "{DC8F0D88-4BB3-4877-B453-04FE6AB420C4}"
EndProject
Project("{9A19103F-16F7-4668-BE54-9A1E7A4F7556}") = "FontAwesome6.Fonts.Net", "FontAwesome6.Fonts.Net\FontAwesome6.Fonts.Net.csproj", "{51152FA9-9588-4ADD-B693-FFAF5BBFBD65}"
EndProject
Project("{2150E333-8FDC-42A3-9474-1A3956D46DE8}") = "NuGet", "NuGet", "{908633A5-681A-48F4-B5CB-432ACD80B587}"
	ProjectSection(SolutionItems) = preProject
		NuGet\FontAwesome6.Fonts.nuspec = NuGet\FontAwesome6.Fonts.nuspec
		NuGet\FontAwesome6.Pro.Fonts.nuspec = NuGet\FontAwesome6.Pro.Fonts.nuspec
		NuGet\FontAwesome6.Pro.Svg.nuspec = NuGet\FontAwesome6.Pro.Svg.nuspec
		NuGet\FontAwesome6.Svg.nuspec = NuGet\FontAwesome6.Svg.nuspec
	EndProjectSection
EndProject
Project("{2150E333-8FDC-42A3-9474-1A3956D46DE8}") = "Tools", "Tools", "{864C8755-8660-4C70-8D0E-E10D6C914343}"
EndProject
Project("{2150E333-8FDC-42A3-9474-1A3956D46DE8}") = "Solution Items", "Solution Items", "{BA997962-D053-4797-B0FE-B507745DBE6F}"
	ProjectSection(SolutionItems) = preProject
		.editorconfig = .editorconfig
		..\.gitignore = ..\.gitignore
		..\CHANGELOG.md = ..\CHANGELOG.md
		..\README.md = ..\README.md
	EndProjectSection
EndProject
Project("{FAE04EC0-301F-11D3-BF4B-00C04F79EFBC}") = "FontAwesome6.Fonts.UWP", "FontAwesome6.Fonts.UWP\FontAwesome6.Fonts.UWP.csproj", "{11B6C158-417B-418F-A0F2-ECB5B0AD13D8}"
EndProject
Project("{D954291E-2A0B-460D-934E-DC6B0785DB48}") = "FontAwesome6.Fonts.Shared", "FontAwesome6.Fonts.Shared\FontAwesome6.Fonts.Shared.shproj", "{51FD009E-4CEE-4605-AF9D-DDD83AFD6AB5}"
EndProject
Project("{D954291E-2A0B-460D-934E-DC6B0785DB48}") = "FontAwesome6.Svg.Shared", "FontAwesome6.Svg.Shared\FontAwesome6.Svg.Shared.shproj", "{2F8530CA-7582-455F-96A4-C33839502EE4}"
EndProject
Project("{FAE04EC0-301F-11D3-BF4B-00C04F79EFBC}") = "FontAwesome6.Svg.UWP", "FontAwesome6.Svg.UWP\FontAwesome6.Svg.UWP.csproj", "{86CC346F-C01F-4052-B35F-5FE8FBF86B82}"
EndProject
Project("{2150E333-8FDC-42A3-9474-1A3956D46DE8}") = "Examples", "Examples", "{A4FA45D3-1AE7-4FE8-B096-542B274582E8}"
EndProject
Project("{9A19103F-16F7-4668-BE54-9A1E7A4F7556}") = "FontAwesome6.Example.WPF.NetCore", "FontAwesome6.Example.NetCore\FontAwesome6.Example.WPF.NetCore.csproj", "{01B24ABC-B5D6-4EE7-A8E3-C9BD9D23CEF6}"
EndProject
Project("{FAE04EC0-301F-11D3-BF4B-00C04F79EFBC}") = "FontAwesome6.Example.WPF.NetFramework", "FontAwesome6.Example.NetFramework\FontAwesome6.Example.WPF.NetFramework.csproj", "{F371A551-7B55-491A-8C5A-8A2AA1C7BFC1}"
EndProject
Project("{D954291E-2A0B-460D-934E-DC6B0785DB48}") = "FontAwesome6.Example.WPF.Shared", "FontAwesome6.Example.WPF.Shared\FontAwesome6.Example.WPF.Shared.shproj", "{D25EA074-3AD4-49F1-844E-D0BD86596E0C}"
EndProject
Project("{2150E333-8FDC-42A3-9474-1A3956D46DE8}") = "build", "build", "{BC60673A-E580-43C2-8DE0-16482F3078AF}"
	ProjectSection(SolutionItems) = preProject
		..\build\build.yml = ..\build\build.yml
		..\build\GitVersion.yml = ..\build\GitVersion.yml
	EndProjectSection
EndProject
Project("{FAE04EC0-301F-11D3-BF4B-00C04F79EFBC}") = "FontAwesome6.Example.UWP", "FontAwesome6.Example.UWP\FontAwesome6.Example.UWP.csproj", "{F65AE66B-CA18-43B8-AF12-F17C5744A27C}"
EndProject
Project("{2150E333-8FDC-42A3-9474-1A3956D46DE8}") = "WPF", "WPF", "{5A6607A1-5C5D-4D41-95B3-FC7A2C57D1EB}"
EndProject
Project("{2150E333-8FDC-42A3-9474-1A3956D46DE8}") = "UWP", "UWP", "{E479D46E-FAED-437E-BDF3-D7FAC2F29821}"
EndProject
Project("{D954291E-2A0B-460D-934E-DC6B0785DB48}") = "FontAwesome6.Shared", "FontAwesome6.Shared\FontAwesome6.Shared.shproj", "{B00644F3-59BC-4294-8E99-D1C79E0C70AC}"
EndProject
Project("{9A19103F-16F7-4668-BE54-9A1E7A4F7556}") = "FontAwesome6.Core", "FontAwesome6.Core\FontAwesome6.Core.csproj", "{B65D1717-F056-4086-9EC8-BC4594C8FEAA}"
EndProject
Project("{FAE04EC0-301F-11D3-BF4B-00C04F79EFBC}") = "FontAwesome6.Shared.UWP", "FontAwesome6.Shared.UWP\FontAwesome6.Shared.UWP.csproj", "{E51F9E83-4305-42C3-8D72-73AE7BC141C2}"
EndProject
Project("{9A19103F-16F7-4668-BE54-9A1E7A4F7556}") = "FontAwesome6.Shared.Net", "FontAwesome6.Shared.Net\FontAwesome6.Shared.Net.csproj", "{88F88494-28F2-4340-8762-4C01D599BBF1}"
EndProject
Project("{2150E333-8FDC-42A3-9474-1A3956D46DE8}") = "FontAwesome6.Shared", "FontAwesome6.Shared", "{B0B093EC-651A-4D61-AD2B-5D9286D663EB}"
EndProject
Project("{9A19103F-16F7-4668-BE54-9A1E7A4F7556}") = "FontAwesome.Generator", "FontAwesome.Generator\FontAwesome.Generator.csproj", "{3CF17FC5-60AF-4882-84F8-C836E77D7ABB}"
EndProject
Project("{9A19103F-16F7-4668-BE54-9A1E7A4F7556}") = "FontAwesome.Generator.Cli", "FontAwesome.Generator.Cli\FontAwesome.Generator.Cli.csproj", "{8130A732-6ECE-4112-80BF-FC7CA6D7FC1C}"
EndProject
Project("{9A19103F-16F7-4668-BE54-9A1E7A4F7556}") = "FontAwesome.Generator.Shared", "FontAwesome.Generator.Shared\FontAwesome.Generator.Shared.csproj", "{C2C14D32-CC57-46FC-BE9B-418B92F30881}"
EndProject
Project("{9A19103F-16F7-4668-BE54-9A1E7A4F7556}") = "FontAwesome6.Fonts.WinUI", "FontAwesome6.Fonts.WinUI\FontAwesome6.Fonts.WinUI.csproj", "{C0E60B32-BB48-46A2-A91F-D37A6B6F7664}"
EndProject
Project("{9A19103F-16F7-4668-BE54-9A1E7A4F7556}") = "FontAwesome6.Shared.WinUI", "FontAwesome6.Shared.WinUI\FontAwesome6.Shared.WinUI.csproj", "{1EC20BF0-EB53-46D1-9FD0-209A6EEA5634}"
EndProject
Project("{9A19103F-16F7-4668-BE54-9A1E7A4F7556}") = "FontAwesome6.Svg.WinUI", "FontAwesome6.Svg.WinUI\FontAwesome6.Svg.WinUI.csproj", "{6F049850-2655-4DA6-BCE0-14C61C9C9D48}"
EndProject
Project("{2150E333-8FDC-42A3-9474-1A3956D46DE8}") = "WinUI", "WinUI", "{49BAF5F9-43CC-419F-960D-B969E5F6AB9B}"
EndProject
Project("{9A19103F-16F7-4668-BE54-9A1E7A4F7556}") = "FontAwesome6.Example.WinUI", "FontAwesome6.Example.WinUI\FontAwesome6.Example.WinUI.csproj", "{73A8AAB0-6FD2-4740-A5E4-7418B1D1F829}"
EndProject
Global
	GlobalSection(SharedMSBuildProjectFiles) = preSolution
		FontAwesome6.Example.WPF.Shared\FontAwesome6.Example.WPF.Shared.projitems*{01b24abc-b5d6-4ee7-a8e3-c9bd9d23cef6}*SharedItemsImports = 5
		FontAwesome6.Fonts.Shared\FontAwesome6.Fonts.Shared.projitems*{11b6c158-417b-418f-a0f2-ecb5b0ad13d8}*SharedItemsImports = 4
		FontAwesome6.Shared\FontAwesome6.Shared.projitems*{1ec20bf0-eb53-46d1-9fd0-209a6eea5634}*SharedItemsImports = 5
		FontAwesome6.Svg.Shared\FontAwesome6.Svg.Shared.projitems*{2f8530ca-7582-455f-96a4-c33839502ee4}*SharedItemsImports = 13
		FontAwesome6.Fonts.Shared\FontAwesome6.Fonts.Shared.projitems*{51152fa9-9588-4add-b693-ffaf5bbfbd65}*SharedItemsImports = 5
		FontAwesome6.Fonts.Shared\FontAwesome6.Fonts.Shared.projitems*{51fd009e-4cee-4605-af9d-ddd83afd6ab5}*SharedItemsImports = 13
		FontAwesome6.Svg.Shared\FontAwesome6.Svg.Shared.projitems*{6f049850-2655-4da6-bce0-14c61c9c9d48}*SharedItemsImports = 5
		FontAwesome6.Svg.Shared\FontAwesome6.Svg.Shared.projitems*{86cc346f-c01f-4052-b35f-5fe8fbf86b82}*SharedItemsImports = 4
		FontAwesome6.Shared\FontAwesome6.Shared.projitems*{88f88494-28f2-4340-8762-4c01d599bbf1}*SharedItemsImports = 5
		FontAwesome6.Shared\FontAwesome6.Shared.projitems*{b00644f3-59bc-4294-8e99-d1c79e0c70ac}*SharedItemsImports = 13
		FontAwesome6.Fonts.Shared\FontAwesome6.Fonts.Shared.projitems*{c0e60b32-bb48-46a2-a91f-d37a6b6f7664}*SharedItemsImports = 5
		FontAwesome6.Example.WPF.Shared\FontAwesome6.Example.WPF.Shared.projitems*{d25ea074-3ad4-49f1-844e-d0bd86596e0c}*SharedItemsImports = 13
		FontAwesome6.Svg.Shared\FontAwesome6.Svg.Shared.projitems*{dc8f0d88-4bb3-4877-b453-04fe6ab420c4}*SharedItemsImports = 5
		FontAwesome6.Shared\FontAwesome6.Shared.projitems*{e51f9e83-4305-42c3-8d72-73ae7bc141c2}*SharedItemsImports = 4
		FontAwesome6.Example.WPF.Shared\FontAwesome6.Example.WPF.Shared.projitems*{f371a551-7b55-491a-8c5a-8a2aa1c7bfc1}*SharedItemsImports = 4
	EndGlobalSection
	GlobalSection(SolutionConfigurationPlatforms) = preSolution
		Debug|Any CPU = Debug|Any CPU
		Debug|ARM = Debug|ARM
		Debug|ARM64 = Debug|ARM64
		Debug|x64 = Debug|x64
		Debug|x86 = Debug|x86
		DebugPro|Any CPU = DebugPro|Any CPU
		DebugPro|ARM = DebugPro|ARM
		DebugPro|ARM64 = DebugPro|ARM64
		DebugPro|x64 = DebugPro|x64
		DebugPro|x86 = DebugPro|x86
		Release|Any CPU = Release|Any CPU
		Release|ARM = Release|ARM
		Release|ARM64 = Release|ARM64
		Release|x64 = Release|x64
		Release|x86 = Release|x86
		ReleasePro|Any CPU = ReleasePro|Any CPU
		ReleasePro|ARM = ReleasePro|ARM
		ReleasePro|ARM64 = ReleasePro|ARM64
		ReleasePro|x64 = ReleasePro|x64
		ReleasePro|x86 = ReleasePro|x86
	EndGlobalSection
	GlobalSection(ProjectConfigurationPlatforms) = postSolution
		{DC8F0D88-4BB3-4877-B453-04FE6AB420C4}.Debug|Any CPU.ActiveCfg = Debug|Any CPU
		{DC8F0D88-4BB3-4877-B453-04FE6AB420C4}.Debug|Any CPU.Build.0 = Debug|Any CPU
		{DC8F0D88-4BB3-4877-B453-04FE6AB420C4}.Debug|ARM.ActiveCfg = Debug|Any CPU
		{DC8F0D88-4BB3-4877-B453-04FE6AB420C4}.Debug|ARM.Build.0 = Debug|Any CPU
		{DC8F0D88-4BB3-4877-B453-04FE6AB420C4}.Debug|ARM64.ActiveCfg = Debug|Any CPU
		{DC8F0D88-4BB3-4877-B453-04FE6AB420C4}.Debug|ARM64.Build.0 = Debug|Any CPU
		{DC8F0D88-4BB3-4877-B453-04FE6AB420C4}.Debug|x64.ActiveCfg = Debug|Any CPU
		{DC8F0D88-4BB3-4877-B453-04FE6AB420C4}.Debug|x64.Build.0 = Debug|Any CPU
		{DC8F0D88-4BB3-4877-B453-04FE6AB420C4}.Debug|x86.ActiveCfg = Debug|Any CPU
		{DC8F0D88-4BB3-4877-B453-04FE6AB420C4}.Debug|x86.Build.0 = Debug|Any CPU
		{DC8F0D88-4BB3-4877-B453-04FE6AB420C4}.DebugPro|Any CPU.ActiveCfg = DebugPro|Any CPU
		{DC8F0D88-4BB3-4877-B453-04FE6AB420C4}.DebugPro|Any CPU.Build.0 = DebugPro|Any CPU
		{DC8F0D88-4BB3-4877-B453-04FE6AB420C4}.DebugPro|ARM.ActiveCfg = Debug|Any CPU
		{DC8F0D88-4BB3-4877-B453-04FE6AB420C4}.DebugPro|ARM.Build.0 = Debug|Any CPU
		{DC8F0D88-4BB3-4877-B453-04FE6AB420C4}.DebugPro|ARM64.ActiveCfg = Debug|Any CPU
		{DC8F0D88-4BB3-4877-B453-04FE6AB420C4}.DebugPro|ARM64.Build.0 = Debug|Any CPU
		{DC8F0D88-4BB3-4877-B453-04FE6AB420C4}.DebugPro|x64.ActiveCfg = Debug|Any CPU
		{DC8F0D88-4BB3-4877-B453-04FE6AB420C4}.DebugPro|x64.Build.0 = Debug|Any CPU
		{DC8F0D88-4BB3-4877-B453-04FE6AB420C4}.DebugPro|x86.ActiveCfg = Debug|Any CPU
		{DC8F0D88-4BB3-4877-B453-04FE6AB420C4}.DebugPro|x86.Build.0 = Debug|Any CPU
		{DC8F0D88-4BB3-4877-B453-04FE6AB420C4}.Release|Any CPU.ActiveCfg = Release|Any CPU
		{DC8F0D88-4BB3-4877-B453-04FE6AB420C4}.Release|Any CPU.Build.0 = Release|Any CPU
		{DC8F0D88-4BB3-4877-B453-04FE6AB420C4}.Release|ARM.ActiveCfg = Release|Any CPU
		{DC8F0D88-4BB3-4877-B453-04FE6AB420C4}.Release|ARM.Build.0 = Release|Any CPU
		{DC8F0D88-4BB3-4877-B453-04FE6AB420C4}.Release|ARM64.ActiveCfg = Release|Any CPU
		{DC8F0D88-4BB3-4877-B453-04FE6AB420C4}.Release|ARM64.Build.0 = Release|Any CPU
		{DC8F0D88-4BB3-4877-B453-04FE6AB420C4}.Release|x64.ActiveCfg = Release|Any CPU
		{DC8F0D88-4BB3-4877-B453-04FE6AB420C4}.Release|x64.Build.0 = Release|Any CPU
		{DC8F0D88-4BB3-4877-B453-04FE6AB420C4}.Release|x86.ActiveCfg = Release|Any CPU
		{DC8F0D88-4BB3-4877-B453-04FE6AB420C4}.Release|x86.Build.0 = Release|Any CPU
		{DC8F0D88-4BB3-4877-B453-04FE6AB420C4}.ReleasePro|Any CPU.ActiveCfg = ReleasePro|Any CPU
		{DC8F0D88-4BB3-4877-B453-04FE6AB420C4}.ReleasePro|Any CPU.Build.0 = ReleasePro|Any CPU
		{DC8F0D88-4BB3-4877-B453-04FE6AB420C4}.ReleasePro|ARM.ActiveCfg = Release|Any CPU
		{DC8F0D88-4BB3-4877-B453-04FE6AB420C4}.ReleasePro|ARM.Build.0 = Release|Any CPU
		{DC8F0D88-4BB3-4877-B453-04FE6AB420C4}.ReleasePro|ARM64.ActiveCfg = Release|Any CPU
		{DC8F0D88-4BB3-4877-B453-04FE6AB420C4}.ReleasePro|ARM64.Build.0 = Release|Any CPU
		{DC8F0D88-4BB3-4877-B453-04FE6AB420C4}.ReleasePro|x64.ActiveCfg = Release|Any CPU
		{DC8F0D88-4BB3-4877-B453-04FE6AB420C4}.ReleasePro|x64.Build.0 = Release|Any CPU
		{DC8F0D88-4BB3-4877-B453-04FE6AB420C4}.ReleasePro|x86.ActiveCfg = Release|Any CPU
		{DC8F0D88-4BB3-4877-B453-04FE6AB420C4}.ReleasePro|x86.Build.0 = Release|Any CPU
		{51152FA9-9588-4ADD-B693-FFAF5BBFBD65}.Debug|Any CPU.ActiveCfg = Debug|Any CPU
		{51152FA9-9588-4ADD-B693-FFAF5BBFBD65}.Debug|Any CPU.Build.0 = Debug|Any CPU
		{51152FA9-9588-4ADD-B693-FFAF5BBFBD65}.Debug|ARM.ActiveCfg = Debug|Any CPU
		{51152FA9-9588-4ADD-B693-FFAF5BBFBD65}.Debug|ARM.Build.0 = Debug|Any CPU
		{51152FA9-9588-4ADD-B693-FFAF5BBFBD65}.Debug|ARM64.ActiveCfg = Debug|Any CPU
		{51152FA9-9588-4ADD-B693-FFAF5BBFBD65}.Debug|ARM64.Build.0 = Debug|Any CPU
		{51152FA9-9588-4ADD-B693-FFAF5BBFBD65}.Debug|x64.ActiveCfg = Debug|Any CPU
		{51152FA9-9588-4ADD-B693-FFAF5BBFBD65}.Debug|x64.Build.0 = Debug|Any CPU
		{51152FA9-9588-4ADD-B693-FFAF5BBFBD65}.Debug|x86.ActiveCfg = Debug|Any CPU
		{51152FA9-9588-4ADD-B693-FFAF5BBFBD65}.Debug|x86.Build.0 = Debug|Any CPU
		{51152FA9-9588-4ADD-B693-FFAF5BBFBD65}.DebugPro|Any CPU.ActiveCfg = DebugPro|Any CPU
		{51152FA9-9588-4ADD-B693-FFAF5BBFBD65}.DebugPro|Any CPU.Build.0 = DebugPro|Any CPU
		{51152FA9-9588-4ADD-B693-FFAF5BBFBD65}.DebugPro|ARM.ActiveCfg = Debug|Any CPU
		{51152FA9-9588-4ADD-B693-FFAF5BBFBD65}.DebugPro|ARM.Build.0 = Debug|Any CPU
		{51152FA9-9588-4ADD-B693-FFAF5BBFBD65}.DebugPro|ARM64.ActiveCfg = Debug|Any CPU
		{51152FA9-9588-4ADD-B693-FFAF5BBFBD65}.DebugPro|ARM64.Build.0 = Debug|Any CPU
		{51152FA9-9588-4ADD-B693-FFAF5BBFBD65}.DebugPro|x64.ActiveCfg = Debug|Any CPU
		{51152FA9-9588-4ADD-B693-FFAF5BBFBD65}.DebugPro|x64.Build.0 = Debug|Any CPU
		{51152FA9-9588-4ADD-B693-FFAF5BBFBD65}.DebugPro|x86.ActiveCfg = Debug|Any CPU
		{51152FA9-9588-4ADD-B693-FFAF5BBFBD65}.DebugPro|x86.Build.0 = Debug|Any CPU
		{51152FA9-9588-4ADD-B693-FFAF5BBFBD65}.Release|Any CPU.ActiveCfg = Release|Any CPU
		{51152FA9-9588-4ADD-B693-FFAF5BBFBD65}.Release|Any CPU.Build.0 = Release|Any CPU
		{51152FA9-9588-4ADD-B693-FFAF5BBFBD65}.Release|ARM.ActiveCfg = Release|Any CPU
		{51152FA9-9588-4ADD-B693-FFAF5BBFBD65}.Release|ARM.Build.0 = Release|Any CPU
		{51152FA9-9588-4ADD-B693-FFAF5BBFBD65}.Release|ARM64.ActiveCfg = Release|Any CPU
		{51152FA9-9588-4ADD-B693-FFAF5BBFBD65}.Release|ARM64.Build.0 = Release|Any CPU
		{51152FA9-9588-4ADD-B693-FFAF5BBFBD65}.Release|x64.ActiveCfg = Release|Any CPU
		{51152FA9-9588-4ADD-B693-FFAF5BBFBD65}.Release|x64.Build.0 = Release|Any CPU
		{51152FA9-9588-4ADD-B693-FFAF5BBFBD65}.Release|x86.ActiveCfg = Release|Any CPU
		{51152FA9-9588-4ADD-B693-FFAF5BBFBD65}.Release|x86.Build.0 = Release|Any CPU
		{51152FA9-9588-4ADD-B693-FFAF5BBFBD65}.ReleasePro|Any CPU.ActiveCfg = ReleasePro|Any CPU
		{51152FA9-9588-4ADD-B693-FFAF5BBFBD65}.ReleasePro|Any CPU.Build.0 = ReleasePro|Any CPU
		{51152FA9-9588-4ADD-B693-FFAF5BBFBD65}.ReleasePro|ARM.ActiveCfg = Release|Any CPU
		{51152FA9-9588-4ADD-B693-FFAF5BBFBD65}.ReleasePro|ARM.Build.0 = Release|Any CPU
		{51152FA9-9588-4ADD-B693-FFAF5BBFBD65}.ReleasePro|ARM64.ActiveCfg = Release|Any CPU
		{51152FA9-9588-4ADD-B693-FFAF5BBFBD65}.ReleasePro|ARM64.Build.0 = Release|Any CPU
		{51152FA9-9588-4ADD-B693-FFAF5BBFBD65}.ReleasePro|x64.ActiveCfg = Release|Any CPU
		{51152FA9-9588-4ADD-B693-FFAF5BBFBD65}.ReleasePro|x64.Build.0 = Release|Any CPU
		{51152FA9-9588-4ADD-B693-FFAF5BBFBD65}.ReleasePro|x86.ActiveCfg = Release|Any CPU
		{51152FA9-9588-4ADD-B693-FFAF5BBFBD65}.ReleasePro|x86.Build.0 = Release|Any CPU
		{11B6C158-417B-418F-A0F2-ECB5B0AD13D8}.Debug|Any CPU.ActiveCfg = Debug|Any CPU
		{11B6C158-417B-418F-A0F2-ECB5B0AD13D8}.Debug|Any CPU.Build.0 = Debug|Any CPU
		{11B6C158-417B-418F-A0F2-ECB5B0AD13D8}.Debug|ARM.ActiveCfg = Debug|ARM
		{11B6C158-417B-418F-A0F2-ECB5B0AD13D8}.Debug|ARM.Build.0 = Debug|ARM
		{11B6C158-417B-418F-A0F2-ECB5B0AD13D8}.Debug|ARM64.ActiveCfg = Debug|ARM64
		{11B6C158-417B-418F-A0F2-ECB5B0AD13D8}.Debug|ARM64.Build.0 = Debug|ARM64
		{11B6C158-417B-418F-A0F2-ECB5B0AD13D8}.Debug|x64.ActiveCfg = Debug|x64
		{11B6C158-417B-418F-A0F2-ECB5B0AD13D8}.Debug|x64.Build.0 = Debug|x64
		{11B6C158-417B-418F-A0F2-ECB5B0AD13D8}.Debug|x86.ActiveCfg = Debug|x86
		{11B6C158-417B-418F-A0F2-ECB5B0AD13D8}.Debug|x86.Build.0 = Debug|x86
		{11B6C158-417B-418F-A0F2-ECB5B0AD13D8}.DebugPro|Any CPU.ActiveCfg = DebugPro|Any CPU
		{11B6C158-417B-418F-A0F2-ECB5B0AD13D8}.DebugPro|Any CPU.Build.0 = DebugPro|Any CPU
		{11B6C158-417B-418F-A0F2-ECB5B0AD13D8}.DebugPro|ARM.ActiveCfg = Debug|ARM
		{11B6C158-417B-418F-A0F2-ECB5B0AD13D8}.DebugPro|ARM.Build.0 = Debug|ARM
		{11B6C158-417B-418F-A0F2-ECB5B0AD13D8}.DebugPro|ARM64.ActiveCfg = Debug|ARM64
		{11B6C158-417B-418F-A0F2-ECB5B0AD13D8}.DebugPro|ARM64.Build.0 = Debug|ARM64
		{11B6C158-417B-418F-A0F2-ECB5B0AD13D8}.DebugPro|x64.ActiveCfg = Debug|x64
		{11B6C158-417B-418F-A0F2-ECB5B0AD13D8}.DebugPro|x64.Build.0 = Debug|x64
		{11B6C158-417B-418F-A0F2-ECB5B0AD13D8}.DebugPro|x86.ActiveCfg = Debug|x86
		{11B6C158-417B-418F-A0F2-ECB5B0AD13D8}.DebugPro|x86.Build.0 = Debug|x86
		{11B6C158-417B-418F-A0F2-ECB5B0AD13D8}.Release|Any CPU.ActiveCfg = Release|Any CPU
		{11B6C158-417B-418F-A0F2-ECB5B0AD13D8}.Release|Any CPU.Build.0 = Release|Any CPU
		{11B6C158-417B-418F-A0F2-ECB5B0AD13D8}.Release|ARM.ActiveCfg = Release|ARM
		{11B6C158-417B-418F-A0F2-ECB5B0AD13D8}.Release|ARM.Build.0 = Release|ARM
		{11B6C158-417B-418F-A0F2-ECB5B0AD13D8}.Release|ARM64.ActiveCfg = Release|ARM64
		{11B6C158-417B-418F-A0F2-ECB5B0AD13D8}.Release|ARM64.Build.0 = Release|ARM64
		{11B6C158-417B-418F-A0F2-ECB5B0AD13D8}.Release|x64.ActiveCfg = Release|x64
		{11B6C158-417B-418F-A0F2-ECB5B0AD13D8}.Release|x64.Build.0 = Release|x64
		{11B6C158-417B-418F-A0F2-ECB5B0AD13D8}.Release|x86.ActiveCfg = Release|x86
		{11B6C158-417B-418F-A0F2-ECB5B0AD13D8}.Release|x86.Build.0 = Release|x86
		{11B6C158-417B-418F-A0F2-ECB5B0AD13D8}.ReleasePro|Any CPU.ActiveCfg = ReleasePro|Any CPU
		{11B6C158-417B-418F-A0F2-ECB5B0AD13D8}.ReleasePro|Any CPU.Build.0 = ReleasePro|Any CPU
		{11B6C158-417B-418F-A0F2-ECB5B0AD13D8}.ReleasePro|ARM.ActiveCfg = Release|ARM
		{11B6C158-417B-418F-A0F2-ECB5B0AD13D8}.ReleasePro|ARM.Build.0 = Release|ARM
		{11B6C158-417B-418F-A0F2-ECB5B0AD13D8}.ReleasePro|ARM64.ActiveCfg = Release|ARM64
		{11B6C158-417B-418F-A0F2-ECB5B0AD13D8}.ReleasePro|ARM64.Build.0 = Release|ARM64
		{11B6C158-417B-418F-A0F2-ECB5B0AD13D8}.ReleasePro|x64.ActiveCfg = Release|x64
		{11B6C158-417B-418F-A0F2-ECB5B0AD13D8}.ReleasePro|x64.Build.0 = Release|x64
		{11B6C158-417B-418F-A0F2-ECB5B0AD13D8}.ReleasePro|x86.ActiveCfg = Release|x86
		{11B6C158-417B-418F-A0F2-ECB5B0AD13D8}.ReleasePro|x86.Build.0 = Release|x86
		{86CC346F-C01F-4052-B35F-5FE8FBF86B82}.Debug|Any CPU.ActiveCfg = Debug|Any CPU
		{86CC346F-C01F-4052-B35F-5FE8FBF86B82}.Debug|Any CPU.Build.0 = Debug|Any CPU
		{86CC346F-C01F-4052-B35F-5FE8FBF86B82}.Debug|ARM.ActiveCfg = Debug|ARM
		{86CC346F-C01F-4052-B35F-5FE8FBF86B82}.Debug|ARM.Build.0 = Debug|ARM
		{86CC346F-C01F-4052-B35F-5FE8FBF86B82}.Debug|ARM64.ActiveCfg = Debug|ARM64
		{86CC346F-C01F-4052-B35F-5FE8FBF86B82}.Debug|ARM64.Build.0 = Debug|ARM64
		{86CC346F-C01F-4052-B35F-5FE8FBF86B82}.Debug|x64.ActiveCfg = Debug|x64
		{86CC346F-C01F-4052-B35F-5FE8FBF86B82}.Debug|x64.Build.0 = Debug|x64
		{86CC346F-C01F-4052-B35F-5FE8FBF86B82}.Debug|x86.ActiveCfg = Debug|x86
		{86CC346F-C01F-4052-B35F-5FE8FBF86B82}.Debug|x86.Build.0 = Debug|x86
		{86CC346F-C01F-4052-B35F-5FE8FBF86B82}.DebugPro|Any CPU.ActiveCfg = DebugPro|Any CPU
		{86CC346F-C01F-4052-B35F-5FE8FBF86B82}.DebugPro|Any CPU.Build.0 = DebugPro|Any CPU
		{86CC346F-C01F-4052-B35F-5FE8FBF86B82}.DebugPro|ARM.ActiveCfg = Debug|ARM
		{86CC346F-C01F-4052-B35F-5FE8FBF86B82}.DebugPro|ARM.Build.0 = Debug|ARM
		{86CC346F-C01F-4052-B35F-5FE8FBF86B82}.DebugPro|ARM64.ActiveCfg = Debug|ARM64
		{86CC346F-C01F-4052-B35F-5FE8FBF86B82}.DebugPro|ARM64.Build.0 = Debug|ARM64
		{86CC346F-C01F-4052-B35F-5FE8FBF86B82}.DebugPro|x64.ActiveCfg = Debug|x64
		{86CC346F-C01F-4052-B35F-5FE8FBF86B82}.DebugPro|x64.Build.0 = Debug|x64
		{86CC346F-C01F-4052-B35F-5FE8FBF86B82}.DebugPro|x86.ActiveCfg = Debug|x86
		{86CC346F-C01F-4052-B35F-5FE8FBF86B82}.DebugPro|x86.Build.0 = Debug|x86
		{86CC346F-C01F-4052-B35F-5FE8FBF86B82}.Release|Any CPU.ActiveCfg = Release|Any CPU
		{86CC346F-C01F-4052-B35F-5FE8FBF86B82}.Release|Any CPU.Build.0 = Release|Any CPU
		{86CC346F-C01F-4052-B35F-5FE8FBF86B82}.Release|ARM.ActiveCfg = Release|ARM
		{86CC346F-C01F-4052-B35F-5FE8FBF86B82}.Release|ARM.Build.0 = Release|ARM
		{86CC346F-C01F-4052-B35F-5FE8FBF86B82}.Release|ARM64.ActiveCfg = Release|ARM64
		{86CC346F-C01F-4052-B35F-5FE8FBF86B82}.Release|ARM64.Build.0 = Release|ARM64
		{86CC346F-C01F-4052-B35F-5FE8FBF86B82}.Release|x64.ActiveCfg = Release|x64
		{86CC346F-C01F-4052-B35F-5FE8FBF86B82}.Release|x64.Build.0 = Release|x64
		{86CC346F-C01F-4052-B35F-5FE8FBF86B82}.Release|x86.ActiveCfg = Release|x86
		{86CC346F-C01F-4052-B35F-5FE8FBF86B82}.Release|x86.Build.0 = Release|x86
		{86CC346F-C01F-4052-B35F-5FE8FBF86B82}.ReleasePro|Any CPU.ActiveCfg = ReleasePro|Any CPU
		{86CC346F-C01F-4052-B35F-5FE8FBF86B82}.ReleasePro|Any CPU.Build.0 = ReleasePro|Any CPU
		{86CC346F-C01F-4052-B35F-5FE8FBF86B82}.ReleasePro|ARM.ActiveCfg = Release|ARM
		{86CC346F-C01F-4052-B35F-5FE8FBF86B82}.ReleasePro|ARM.Build.0 = Release|ARM
		{86CC346F-C01F-4052-B35F-5FE8FBF86B82}.ReleasePro|ARM64.ActiveCfg = Release|ARM64
		{86CC346F-C01F-4052-B35F-5FE8FBF86B82}.ReleasePro|ARM64.Build.0 = Release|ARM64
		{86CC346F-C01F-4052-B35F-5FE8FBF86B82}.ReleasePro|x64.ActiveCfg = Release|x64
		{86CC346F-C01F-4052-B35F-5FE8FBF86B82}.ReleasePro|x64.Build.0 = Release|x64
		{86CC346F-C01F-4052-B35F-5FE8FBF86B82}.ReleasePro|x86.ActiveCfg = Release|x86
		{86CC346F-C01F-4052-B35F-5FE8FBF86B82}.ReleasePro|x86.Build.0 = Release|x86
		{01B24ABC-B5D6-4EE7-A8E3-C9BD9D23CEF6}.Debug|Any CPU.ActiveCfg = Debug|Any CPU
		{01B24ABC-B5D6-4EE7-A8E3-C9BD9D23CEF6}.Debug|Any CPU.Build.0 = Debug|Any CPU
		{01B24ABC-B5D6-4EE7-A8E3-C9BD9D23CEF6}.Debug|ARM.ActiveCfg = Debug|Any CPU
		{01B24ABC-B5D6-4EE7-A8E3-C9BD9D23CEF6}.Debug|ARM.Build.0 = Debug|Any CPU
		{01B24ABC-B5D6-4EE7-A8E3-C9BD9D23CEF6}.Debug|ARM64.ActiveCfg = Debug|Any CPU
		{01B24ABC-B5D6-4EE7-A8E3-C9BD9D23CEF6}.Debug|ARM64.Build.0 = Debug|Any CPU
		{01B24ABC-B5D6-4EE7-A8E3-C9BD9D23CEF6}.Debug|x64.ActiveCfg = Debug|Any CPU
		{01B24ABC-B5D6-4EE7-A8E3-C9BD9D23CEF6}.Debug|x64.Build.0 = Debug|Any CPU
		{01B24ABC-B5D6-4EE7-A8E3-C9BD9D23CEF6}.Debug|x86.ActiveCfg = Debug|Any CPU
		{01B24ABC-B5D6-4EE7-A8E3-C9BD9D23CEF6}.Debug|x86.Build.0 = Debug|Any CPU
		{01B24ABC-B5D6-4EE7-A8E3-C9BD9D23CEF6}.DebugPro|Any CPU.ActiveCfg = DebugPro|Any CPU
		{01B24ABC-B5D6-4EE7-A8E3-C9BD9D23CEF6}.DebugPro|Any CPU.Build.0 = DebugPro|Any CPU
		{01B24ABC-B5D6-4EE7-A8E3-C9BD9D23CEF6}.DebugPro|ARM.ActiveCfg = Debug|Any CPU
		{01B24ABC-B5D6-4EE7-A8E3-C9BD9D23CEF6}.DebugPro|ARM.Build.0 = Debug|Any CPU
		{01B24ABC-B5D6-4EE7-A8E3-C9BD9D23CEF6}.DebugPro|ARM64.ActiveCfg = Debug|Any CPU
		{01B24ABC-B5D6-4EE7-A8E3-C9BD9D23CEF6}.DebugPro|ARM64.Build.0 = Debug|Any CPU
		{01B24ABC-B5D6-4EE7-A8E3-C9BD9D23CEF6}.DebugPro|x64.ActiveCfg = Debug|Any CPU
		{01B24ABC-B5D6-4EE7-A8E3-C9BD9D23CEF6}.DebugPro|x64.Build.0 = Debug|Any CPU
		{01B24ABC-B5D6-4EE7-A8E3-C9BD9D23CEF6}.DebugPro|x86.ActiveCfg = Debug|Any CPU
		{01B24ABC-B5D6-4EE7-A8E3-C9BD9D23CEF6}.DebugPro|x86.Build.0 = Debug|Any CPU
		{01B24ABC-B5D6-4EE7-A8E3-C9BD9D23CEF6}.Release|Any CPU.ActiveCfg = Release|Any CPU
		{01B24ABC-B5D6-4EE7-A8E3-C9BD9D23CEF6}.Release|Any CPU.Build.0 = Release|Any CPU
		{01B24ABC-B5D6-4EE7-A8E3-C9BD9D23CEF6}.Release|ARM.ActiveCfg = Release|Any CPU
		{01B24ABC-B5D6-4EE7-A8E3-C9BD9D23CEF6}.Release|ARM.Build.0 = Release|Any CPU
		{01B24ABC-B5D6-4EE7-A8E3-C9BD9D23CEF6}.Release|ARM64.ActiveCfg = Release|Any CPU
		{01B24ABC-B5D6-4EE7-A8E3-C9BD9D23CEF6}.Release|ARM64.Build.0 = Release|Any CPU
		{01B24ABC-B5D6-4EE7-A8E3-C9BD9D23CEF6}.Release|x64.ActiveCfg = Release|Any CPU
		{01B24ABC-B5D6-4EE7-A8E3-C9BD9D23CEF6}.Release|x64.Build.0 = Release|Any CPU
		{01B24ABC-B5D6-4EE7-A8E3-C9BD9D23CEF6}.Release|x86.ActiveCfg = Release|Any CPU
		{01B24ABC-B5D6-4EE7-A8E3-C9BD9D23CEF6}.Release|x86.Build.0 = Release|Any CPU
		{01B24ABC-B5D6-4EE7-A8E3-C9BD9D23CEF6}.ReleasePro|Any CPU.ActiveCfg = ReleasePro|Any CPU
		{01B24ABC-B5D6-4EE7-A8E3-C9BD9D23CEF6}.ReleasePro|ARM.ActiveCfg = Release|Any CPU
		{01B24ABC-B5D6-4EE7-A8E3-C9BD9D23CEF6}.ReleasePro|ARM.Build.0 = Release|Any CPU
		{01B24ABC-B5D6-4EE7-A8E3-C9BD9D23CEF6}.ReleasePro|ARM64.ActiveCfg = Release|Any CPU
		{01B24ABC-B5D6-4EE7-A8E3-C9BD9D23CEF6}.ReleasePro|ARM64.Build.0 = Release|Any CPU
		{01B24ABC-B5D6-4EE7-A8E3-C9BD9D23CEF6}.ReleasePro|x64.ActiveCfg = Release|Any CPU
		{01B24ABC-B5D6-4EE7-A8E3-C9BD9D23CEF6}.ReleasePro|x64.Build.0 = Release|Any CPU
		{01B24ABC-B5D6-4EE7-A8E3-C9BD9D23CEF6}.ReleasePro|x86.ActiveCfg = Release|Any CPU
		{01B24ABC-B5D6-4EE7-A8E3-C9BD9D23CEF6}.ReleasePro|x86.Build.0 = Release|Any CPU
		{F371A551-7B55-491A-8C5A-8A2AA1C7BFC1}.Debug|Any CPU.ActiveCfg = Debug|Any CPU
		{F371A551-7B55-491A-8C5A-8A2AA1C7BFC1}.Debug|Any CPU.Build.0 = Debug|Any CPU
		{F371A551-7B55-491A-8C5A-8A2AA1C7BFC1}.Debug|ARM.ActiveCfg = Debug|Any CPU
		{F371A551-7B55-491A-8C5A-8A2AA1C7BFC1}.Debug|ARM.Build.0 = Debug|Any CPU
		{F371A551-7B55-491A-8C5A-8A2AA1C7BFC1}.Debug|ARM64.ActiveCfg = Debug|Any CPU
		{F371A551-7B55-491A-8C5A-8A2AA1C7BFC1}.Debug|ARM64.Build.0 = Debug|Any CPU
		{F371A551-7B55-491A-8C5A-8A2AA1C7BFC1}.Debug|x64.ActiveCfg = Debug|Any CPU
		{F371A551-7B55-491A-8C5A-8A2AA1C7BFC1}.Debug|x64.Build.0 = Debug|Any CPU
		{F371A551-7B55-491A-8C5A-8A2AA1C7BFC1}.Debug|x86.ActiveCfg = Debug|Any CPU
		{F371A551-7B55-491A-8C5A-8A2AA1C7BFC1}.Debug|x86.Build.0 = Debug|Any CPU
		{F371A551-7B55-491A-8C5A-8A2AA1C7BFC1}.DebugPro|Any CPU.ActiveCfg = DebugPro|Any CPU
		{F371A551-7B55-491A-8C5A-8A2AA1C7BFC1}.DebugPro|Any CPU.Build.0 = DebugPro|Any CPU
		{F371A551-7B55-491A-8C5A-8A2AA1C7BFC1}.DebugPro|ARM.ActiveCfg = Debug|Any CPU
		{F371A551-7B55-491A-8C5A-8A2AA1C7BFC1}.DebugPro|ARM.Build.0 = Debug|Any CPU
		{F371A551-7B55-491A-8C5A-8A2AA1C7BFC1}.DebugPro|ARM64.ActiveCfg = Debug|Any CPU
		{F371A551-7B55-491A-8C5A-8A2AA1C7BFC1}.DebugPro|ARM64.Build.0 = Debug|Any CPU
		{F371A551-7B55-491A-8C5A-8A2AA1C7BFC1}.DebugPro|x64.ActiveCfg = Debug|Any CPU
		{F371A551-7B55-491A-8C5A-8A2AA1C7BFC1}.DebugPro|x64.Build.0 = Debug|Any CPU
		{F371A551-7B55-491A-8C5A-8A2AA1C7BFC1}.DebugPro|x86.ActiveCfg = Debug|Any CPU
		{F371A551-7B55-491A-8C5A-8A2AA1C7BFC1}.DebugPro|x86.Build.0 = Debug|Any CPU
		{F371A551-7B55-491A-8C5A-8A2AA1C7BFC1}.Release|Any CPU.ActiveCfg = Release|Any CPU
		{F371A551-7B55-491A-8C5A-8A2AA1C7BFC1}.Release|Any CPU.Build.0 = Release|Any CPU
		{F371A551-7B55-491A-8C5A-8A2AA1C7BFC1}.Release|ARM.ActiveCfg = Release|Any CPU
		{F371A551-7B55-491A-8C5A-8A2AA1C7BFC1}.Release|ARM.Build.0 = Release|Any CPU
		{F371A551-7B55-491A-8C5A-8A2AA1C7BFC1}.Release|ARM64.ActiveCfg = Release|Any CPU
		{F371A551-7B55-491A-8C5A-8A2AA1C7BFC1}.Release|ARM64.Build.0 = Release|Any CPU
		{F371A551-7B55-491A-8C5A-8A2AA1C7BFC1}.Release|x64.ActiveCfg = Release|Any CPU
		{F371A551-7B55-491A-8C5A-8A2AA1C7BFC1}.Release|x64.Build.0 = Release|Any CPU
		{F371A551-7B55-491A-8C5A-8A2AA1C7BFC1}.Release|x86.ActiveCfg = Release|Any CPU
		{F371A551-7B55-491A-8C5A-8A2AA1C7BFC1}.Release|x86.Build.0 = Release|Any CPU
		{F371A551-7B55-491A-8C5A-8A2AA1C7BFC1}.ReleasePro|Any CPU.ActiveCfg = ReleasePro|Any CPU
		{F371A551-7B55-491A-8C5A-8A2AA1C7BFC1}.ReleasePro|ARM.ActiveCfg = Release|Any CPU
		{F371A551-7B55-491A-8C5A-8A2AA1C7BFC1}.ReleasePro|ARM.Build.0 = Release|Any CPU
		{F371A551-7B55-491A-8C5A-8A2AA1C7BFC1}.ReleasePro|ARM64.ActiveCfg = Release|Any CPU
		{F371A551-7B55-491A-8C5A-8A2AA1C7BFC1}.ReleasePro|ARM64.Build.0 = Release|Any CPU
		{F371A551-7B55-491A-8C5A-8A2AA1C7BFC1}.ReleasePro|x64.ActiveCfg = Release|Any CPU
		{F371A551-7B55-491A-8C5A-8A2AA1C7BFC1}.ReleasePro|x64.Build.0 = Release|Any CPU
		{F371A551-7B55-491A-8C5A-8A2AA1C7BFC1}.ReleasePro|x86.ActiveCfg = Release|Any CPU
		{F371A551-7B55-491A-8C5A-8A2AA1C7BFC1}.ReleasePro|x86.Build.0 = Release|Any CPU
		{F65AE66B-CA18-43B8-AF12-F17C5744A27C}.Debug|Any CPU.ActiveCfg = Debug|x86
		{F65AE66B-CA18-43B8-AF12-F17C5744A27C}.Debug|Any CPU.Build.0 = Debug|x86
		{F65AE66B-CA18-43B8-AF12-F17C5744A27C}.Debug|Any CPU.Deploy.0 = Debug|x86
		{F65AE66B-CA18-43B8-AF12-F17C5744A27C}.Debug|ARM.ActiveCfg = Debug|ARM
		{F65AE66B-CA18-43B8-AF12-F17C5744A27C}.Debug|ARM.Build.0 = Debug|ARM
		{F65AE66B-CA18-43B8-AF12-F17C5744A27C}.Debug|ARM.Deploy.0 = Debug|ARM
		{F65AE66B-CA18-43B8-AF12-F17C5744A27C}.Debug|ARM64.ActiveCfg = Debug|ARM64
		{F65AE66B-CA18-43B8-AF12-F17C5744A27C}.Debug|ARM64.Build.0 = Debug|ARM64
		{F65AE66B-CA18-43B8-AF12-F17C5744A27C}.Debug|ARM64.Deploy.0 = Debug|ARM64
		{F65AE66B-CA18-43B8-AF12-F17C5744A27C}.Debug|x64.ActiveCfg = Debug|x64
		{F65AE66B-CA18-43B8-AF12-F17C5744A27C}.Debug|x64.Build.0 = Debug|x64
		{F65AE66B-CA18-43B8-AF12-F17C5744A27C}.Debug|x64.Deploy.0 = Debug|x64
		{F65AE66B-CA18-43B8-AF12-F17C5744A27C}.Debug|x86.ActiveCfg = Debug|x86
		{F65AE66B-CA18-43B8-AF12-F17C5744A27C}.Debug|x86.Build.0 = Debug|x86
		{F65AE66B-CA18-43B8-AF12-F17C5744A27C}.Debug|x86.Deploy.0 = Debug|x86
		{F65AE66B-CA18-43B8-AF12-F17C5744A27C}.DebugPro|Any CPU.ActiveCfg = DebugPro|x86
		{F65AE66B-CA18-43B8-AF12-F17C5744A27C}.DebugPro|Any CPU.Build.0 = DebugPro|x86
		{F65AE66B-CA18-43B8-AF12-F17C5744A27C}.DebugPro|Any CPU.Deploy.0 = DebugPro|x86
		{F65AE66B-CA18-43B8-AF12-F17C5744A27C}.DebugPro|ARM.ActiveCfg = Debug|ARM
		{F65AE66B-CA18-43B8-AF12-F17C5744A27C}.DebugPro|ARM.Build.0 = Debug|ARM
		{F65AE66B-CA18-43B8-AF12-F17C5744A27C}.DebugPro|ARM.Deploy.0 = Debug|ARM
		{F65AE66B-CA18-43B8-AF12-F17C5744A27C}.DebugPro|ARM64.ActiveCfg = Debug|ARM64
		{F65AE66B-CA18-43B8-AF12-F17C5744A27C}.DebugPro|ARM64.Build.0 = Debug|ARM64
		{F65AE66B-CA18-43B8-AF12-F17C5744A27C}.DebugPro|ARM64.Deploy.0 = Debug|ARM64
		{F65AE66B-CA18-43B8-AF12-F17C5744A27C}.DebugPro|x64.ActiveCfg = Debug|x64
		{F65AE66B-CA18-43B8-AF12-F17C5744A27C}.DebugPro|x64.Build.0 = Debug|x64
		{F65AE66B-CA18-43B8-AF12-F17C5744A27C}.DebugPro|x64.Deploy.0 = Debug|x64
		{F65AE66B-CA18-43B8-AF12-F17C5744A27C}.DebugPro|x86.ActiveCfg = Debug|x86
		{F65AE66B-CA18-43B8-AF12-F17C5744A27C}.DebugPro|x86.Build.0 = Debug|x86
		{F65AE66B-CA18-43B8-AF12-F17C5744A27C}.DebugPro|x86.Deploy.0 = Debug|x86
		{F65AE66B-CA18-43B8-AF12-F17C5744A27C}.Release|Any CPU.ActiveCfg = Release|x86
		{F65AE66B-CA18-43B8-AF12-F17C5744A27C}.Release|ARM.ActiveCfg = Release|ARM
		{F65AE66B-CA18-43B8-AF12-F17C5744A27C}.Release|ARM.Build.0 = Release|ARM
		{F65AE66B-CA18-43B8-AF12-F17C5744A27C}.Release|ARM.Deploy.0 = Release|ARM
		{F65AE66B-CA18-43B8-AF12-F17C5744A27C}.Release|ARM64.ActiveCfg = Release|ARM64
		{F65AE66B-CA18-43B8-AF12-F17C5744A27C}.Release|ARM64.Build.0 = Release|ARM64
		{F65AE66B-CA18-43B8-AF12-F17C5744A27C}.Release|ARM64.Deploy.0 = Release|ARM64
		{F65AE66B-CA18-43B8-AF12-F17C5744A27C}.Release|x64.ActiveCfg = Release|x64
		{F65AE66B-CA18-43B8-AF12-F17C5744A27C}.Release|x64.Build.0 = Release|x64
		{F65AE66B-CA18-43B8-AF12-F17C5744A27C}.Release|x64.Deploy.0 = Release|x64
		{F65AE66B-CA18-43B8-AF12-F17C5744A27C}.Release|x86.ActiveCfg = Release|x86
		{F65AE66B-CA18-43B8-AF12-F17C5744A27C}.Release|x86.Build.0 = Release|x86
		{F65AE66B-CA18-43B8-AF12-F17C5744A27C}.Release|x86.Deploy.0 = Release|x86
		{F65AE66B-CA18-43B8-AF12-F17C5744A27C}.ReleasePro|Any CPU.ActiveCfg = ReleasePro|x86
		{F65AE66B-CA18-43B8-AF12-F17C5744A27C}.ReleasePro|Any CPU.Deploy.0 = ReleasePro|x86
		{F65AE66B-CA18-43B8-AF12-F17C5744A27C}.ReleasePro|ARM.ActiveCfg = Release|ARM
		{F65AE66B-CA18-43B8-AF12-F17C5744A27C}.ReleasePro|ARM.Build.0 = Release|ARM
		{F65AE66B-CA18-43B8-AF12-F17C5744A27C}.ReleasePro|ARM.Deploy.0 = Release|ARM
		{F65AE66B-CA18-43B8-AF12-F17C5744A27C}.ReleasePro|ARM64.ActiveCfg = Release|ARM64
		{F65AE66B-CA18-43B8-AF12-F17C5744A27C}.ReleasePro|ARM64.Build.0 = Release|ARM64
		{F65AE66B-CA18-43B8-AF12-F17C5744A27C}.ReleasePro|ARM64.Deploy.0 = Release|ARM64
		{F65AE66B-CA18-43B8-AF12-F17C5744A27C}.ReleasePro|x64.ActiveCfg = Release|x64
		{F65AE66B-CA18-43B8-AF12-F17C5744A27C}.ReleasePro|x64.Build.0 = Release|x64
		{F65AE66B-CA18-43B8-AF12-F17C5744A27C}.ReleasePro|x64.Deploy.0 = Release|x64
		{F65AE66B-CA18-43B8-AF12-F17C5744A27C}.ReleasePro|x86.ActiveCfg = Release|x86
		{F65AE66B-CA18-43B8-AF12-F17C5744A27C}.ReleasePro|x86.Build.0 = Release|x86
		{F65AE66B-CA18-43B8-AF12-F17C5744A27C}.ReleasePro|x86.Deploy.0 = Release|x86
		{B65D1717-F056-4086-9EC8-BC4594C8FEAA}.Debug|Any CPU.ActiveCfg = Debug|Any CPU
		{B65D1717-F056-4086-9EC8-BC4594C8FEAA}.Debug|Any CPU.Build.0 = Debug|Any CPU
		{B65D1717-F056-4086-9EC8-BC4594C8FEAA}.Debug|ARM.ActiveCfg = Debug|Any CPU
		{B65D1717-F056-4086-9EC8-BC4594C8FEAA}.Debug|ARM.Build.0 = Debug|Any CPU
		{B65D1717-F056-4086-9EC8-BC4594C8FEAA}.Debug|ARM64.ActiveCfg = Debug|Any CPU
		{B65D1717-F056-4086-9EC8-BC4594C8FEAA}.Debug|ARM64.Build.0 = Debug|Any CPU
		{B65D1717-F056-4086-9EC8-BC4594C8FEAA}.Debug|x64.ActiveCfg = Debug|Any CPU
		{B65D1717-F056-4086-9EC8-BC4594C8FEAA}.Debug|x64.Build.0 = Debug|Any CPU
		{B65D1717-F056-4086-9EC8-BC4594C8FEAA}.Debug|x86.ActiveCfg = Debug|Any CPU
		{B65D1717-F056-4086-9EC8-BC4594C8FEAA}.Debug|x86.Build.0 = Debug|Any CPU
		{B65D1717-F056-4086-9EC8-BC4594C8FEAA}.DebugPro|Any CPU.ActiveCfg = DebugPro|Any CPU
		{B65D1717-F056-4086-9EC8-BC4594C8FEAA}.DebugPro|Any CPU.Build.0 = DebugPro|Any CPU
		{B65D1717-F056-4086-9EC8-BC4594C8FEAA}.DebugPro|ARM.ActiveCfg = DebugPro|Any CPU
		{B65D1717-F056-4086-9EC8-BC4594C8FEAA}.DebugPro|ARM.Build.0 = DebugPro|Any CPU
		{B65D1717-F056-4086-9EC8-BC4594C8FEAA}.DebugPro|ARM64.ActiveCfg = DebugPro|Any CPU
		{B65D1717-F056-4086-9EC8-BC4594C8FEAA}.DebugPro|ARM64.Build.0 = DebugPro|Any CPU
		{B65D1717-F056-4086-9EC8-BC4594C8FEAA}.DebugPro|x64.ActiveCfg = DebugPro|Any CPU
		{B65D1717-F056-4086-9EC8-BC4594C8FEAA}.DebugPro|x64.Build.0 = DebugPro|Any CPU
		{B65D1717-F056-4086-9EC8-BC4594C8FEAA}.DebugPro|x86.ActiveCfg = DebugPro|Any CPU
		{B65D1717-F056-4086-9EC8-BC4594C8FEAA}.DebugPro|x86.Build.0 = DebugPro|Any CPU
		{B65D1717-F056-4086-9EC8-BC4594C8FEAA}.Release|Any CPU.ActiveCfg = Release|Any CPU
		{B65D1717-F056-4086-9EC8-BC4594C8FEAA}.Release|Any CPU.Build.0 = Release|Any CPU
		{B65D1717-F056-4086-9EC8-BC4594C8FEAA}.Release|ARM.ActiveCfg = Release|Any CPU
		{B65D1717-F056-4086-9EC8-BC4594C8FEAA}.Release|ARM.Build.0 = Release|Any CPU
		{B65D1717-F056-4086-9EC8-BC4594C8FEAA}.Release|ARM64.ActiveCfg = Release|Any CPU
		{B65D1717-F056-4086-9EC8-BC4594C8FEAA}.Release|ARM64.Build.0 = Release|Any CPU
		{B65D1717-F056-4086-9EC8-BC4594C8FEAA}.Release|x64.ActiveCfg = Release|Any CPU
		{B65D1717-F056-4086-9EC8-BC4594C8FEAA}.Release|x64.Build.0 = Release|Any CPU
		{B65D1717-F056-4086-9EC8-BC4594C8FEAA}.Release|x86.ActiveCfg = Release|Any CPU
		{B65D1717-F056-4086-9EC8-BC4594C8FEAA}.Release|x86.Build.0 = Release|Any CPU
		{B65D1717-F056-4086-9EC8-BC4594C8FEAA}.ReleasePro|Any CPU.ActiveCfg = ReleasePro|Any CPU
		{B65D1717-F056-4086-9EC8-BC4594C8FEAA}.ReleasePro|Any CPU.Build.0 = ReleasePro|Any CPU
		{B65D1717-F056-4086-9EC8-BC4594C8FEAA}.ReleasePro|ARM.ActiveCfg = ReleasePro|Any CPU
		{B65D1717-F056-4086-9EC8-BC4594C8FEAA}.ReleasePro|ARM.Build.0 = ReleasePro|Any CPU
		{B65D1717-F056-4086-9EC8-BC4594C8FEAA}.ReleasePro|ARM64.ActiveCfg = ReleasePro|Any CPU
		{B65D1717-F056-4086-9EC8-BC4594C8FEAA}.ReleasePro|ARM64.Build.0 = ReleasePro|Any CPU
		{B65D1717-F056-4086-9EC8-BC4594C8FEAA}.ReleasePro|x64.ActiveCfg = ReleasePro|Any CPU
		{B65D1717-F056-4086-9EC8-BC4594C8FEAA}.ReleasePro|x64.Build.0 = ReleasePro|Any CPU
		{B65D1717-F056-4086-9EC8-BC4594C8FEAA}.ReleasePro|x86.ActiveCfg = ReleasePro|Any CPU
		{B65D1717-F056-4086-9EC8-BC4594C8FEAA}.ReleasePro|x86.Build.0 = ReleasePro|Any CPU
		{E51F9E83-4305-42C3-8D72-73AE7BC141C2}.Debug|Any CPU.ActiveCfg = Debug|Any CPU
		{E51F9E83-4305-42C3-8D72-73AE7BC141C2}.Debug|Any CPU.Build.0 = Debug|Any CPU
		{E51F9E83-4305-42C3-8D72-73AE7BC141C2}.Debug|ARM.ActiveCfg = Debug|ARM
		{E51F9E83-4305-42C3-8D72-73AE7BC141C2}.Debug|ARM.Build.0 = Debug|ARM
		{E51F9E83-4305-42C3-8D72-73AE7BC141C2}.Debug|ARM64.ActiveCfg = Debug|ARM64
		{E51F9E83-4305-42C3-8D72-73AE7BC141C2}.Debug|ARM64.Build.0 = Debug|ARM64
		{E51F9E83-4305-42C3-8D72-73AE7BC141C2}.Debug|x64.ActiveCfg = Debug|x64
		{E51F9E83-4305-42C3-8D72-73AE7BC141C2}.Debug|x64.Build.0 = Debug|x64
		{E51F9E83-4305-42C3-8D72-73AE7BC141C2}.Debug|x86.ActiveCfg = Debug|x86
		{E51F9E83-4305-42C3-8D72-73AE7BC141C2}.Debug|x86.Build.0 = Debug|x86
		{E51F9E83-4305-42C3-8D72-73AE7BC141C2}.DebugPro|Any CPU.ActiveCfg = Debug|Any CPU
		{E51F9E83-4305-42C3-8D72-73AE7BC141C2}.DebugPro|Any CPU.Build.0 = Debug|Any CPU
		{E51F9E83-4305-42C3-8D72-73AE7BC141C2}.DebugPro|ARM.ActiveCfg = Debug|ARM
		{E51F9E83-4305-42C3-8D72-73AE7BC141C2}.DebugPro|ARM.Build.0 = Debug|ARM
		{E51F9E83-4305-42C3-8D72-73AE7BC141C2}.DebugPro|ARM64.ActiveCfg = Debug|ARM64
		{E51F9E83-4305-42C3-8D72-73AE7BC141C2}.DebugPro|ARM64.Build.0 = Debug|ARM64
		{E51F9E83-4305-42C3-8D72-73AE7BC141C2}.DebugPro|x64.ActiveCfg = Debug|x64
		{E51F9E83-4305-42C3-8D72-73AE7BC141C2}.DebugPro|x64.Build.0 = Debug|x64
		{E51F9E83-4305-42C3-8D72-73AE7BC141C2}.DebugPro|x86.ActiveCfg = Debug|x86
		{E51F9E83-4305-42C3-8D72-73AE7BC141C2}.DebugPro|x86.Build.0 = Debug|x86
		{E51F9E83-4305-42C3-8D72-73AE7BC141C2}.Release|Any CPU.ActiveCfg = Release|Any CPU
		{E51F9E83-4305-42C3-8D72-73AE7BC141C2}.Release|Any CPU.Build.0 = Release|Any CPU
		{E51F9E83-4305-42C3-8D72-73AE7BC141C2}.Release|ARM.ActiveCfg = Release|ARM
		{E51F9E83-4305-42C3-8D72-73AE7BC141C2}.Release|ARM.Build.0 = Release|ARM
		{E51F9E83-4305-42C3-8D72-73AE7BC141C2}.Release|ARM64.ActiveCfg = Release|ARM64
		{E51F9E83-4305-42C3-8D72-73AE7BC141C2}.Release|ARM64.Build.0 = Release|ARM64
		{E51F9E83-4305-42C3-8D72-73AE7BC141C2}.Release|x64.ActiveCfg = Release|x64
		{E51F9E83-4305-42C3-8D72-73AE7BC141C2}.Release|x64.Build.0 = Release|x64
		{E51F9E83-4305-42C3-8D72-73AE7BC141C2}.Release|x86.ActiveCfg = Release|x86
		{E51F9E83-4305-42C3-8D72-73AE7BC141C2}.Release|x86.Build.0 = Release|x86
		{E51F9E83-4305-42C3-8D72-73AE7BC141C2}.ReleasePro|Any CPU.ActiveCfg = Release|Any CPU
		{E51F9E83-4305-42C3-8D72-73AE7BC141C2}.ReleasePro|Any CPU.Build.0 = Release|Any CPU
		{E51F9E83-4305-42C3-8D72-73AE7BC141C2}.ReleasePro|ARM.ActiveCfg = Release|ARM
		{E51F9E83-4305-42C3-8D72-73AE7BC141C2}.ReleasePro|ARM.Build.0 = Release|ARM
		{E51F9E83-4305-42C3-8D72-73AE7BC141C2}.ReleasePro|ARM64.ActiveCfg = Release|ARM64
		{E51F9E83-4305-42C3-8D72-73AE7BC141C2}.ReleasePro|ARM64.Build.0 = Release|ARM64
		{E51F9E83-4305-42C3-8D72-73AE7BC141C2}.ReleasePro|x64.ActiveCfg = Release|x64
		{E51F9E83-4305-42C3-8D72-73AE7BC141C2}.ReleasePro|x64.Build.0 = Release|x64
		{E51F9E83-4305-42C3-8D72-73AE7BC141C2}.ReleasePro|x86.ActiveCfg = Release|x86
		{E51F9E83-4305-42C3-8D72-73AE7BC141C2}.ReleasePro|x86.Build.0 = Release|x86
		{88F88494-28F2-4340-8762-4C01D599BBF1}.Debug|Any CPU.ActiveCfg = Debug|Any CPU
		{88F88494-28F2-4340-8762-4C01D599BBF1}.Debug|Any CPU.Build.0 = Debug|Any CPU
		{88F88494-28F2-4340-8762-4C01D599BBF1}.Debug|ARM.ActiveCfg = Debug|Any CPU
		{88F88494-28F2-4340-8762-4C01D599BBF1}.Debug|ARM.Build.0 = Debug|Any CPU
		{88F88494-28F2-4340-8762-4C01D599BBF1}.Debug|ARM64.ActiveCfg = Debug|Any CPU
		{88F88494-28F2-4340-8762-4C01D599BBF1}.Debug|ARM64.Build.0 = Debug|Any CPU
		{88F88494-28F2-4340-8762-4C01D599BBF1}.Debug|x64.ActiveCfg = Debug|Any CPU
		{88F88494-28F2-4340-8762-4C01D599BBF1}.Debug|x64.Build.0 = Debug|Any CPU
		{88F88494-28F2-4340-8762-4C01D599BBF1}.Debug|x86.ActiveCfg = Debug|Any CPU
		{88F88494-28F2-4340-8762-4C01D599BBF1}.Debug|x86.Build.0 = Debug|Any CPU
		{88F88494-28F2-4340-8762-4C01D599BBF1}.DebugPro|Any CPU.ActiveCfg = Debug|Any CPU
		{88F88494-28F2-4340-8762-4C01D599BBF1}.DebugPro|Any CPU.Build.0 = Debug|Any CPU
		{88F88494-28F2-4340-8762-4C01D599BBF1}.DebugPro|ARM.ActiveCfg = Debug|Any CPU
		{88F88494-28F2-4340-8762-4C01D599BBF1}.DebugPro|ARM.Build.0 = Debug|Any CPU
		{88F88494-28F2-4340-8762-4C01D599BBF1}.DebugPro|ARM64.ActiveCfg = Debug|Any CPU
		{88F88494-28F2-4340-8762-4C01D599BBF1}.DebugPro|ARM64.Build.0 = Debug|Any CPU
		{88F88494-28F2-4340-8762-4C01D599BBF1}.DebugPro|x64.ActiveCfg = Debug|Any CPU
		{88F88494-28F2-4340-8762-4C01D599BBF1}.DebugPro|x64.Build.0 = Debug|Any CPU
		{88F88494-28F2-4340-8762-4C01D599BBF1}.DebugPro|x86.ActiveCfg = Debug|Any CPU
		{88F88494-28F2-4340-8762-4C01D599BBF1}.DebugPro|x86.Build.0 = Debug|Any CPU
		{88F88494-28F2-4340-8762-4C01D599BBF1}.Release|Any CPU.ActiveCfg = Release|Any CPU
		{88F88494-28F2-4340-8762-4C01D599BBF1}.Release|Any CPU.Build.0 = Release|Any CPU
		{88F88494-28F2-4340-8762-4C01D599BBF1}.Release|ARM.ActiveCfg = Release|Any CPU
		{88F88494-28F2-4340-8762-4C01D599BBF1}.Release|ARM.Build.0 = Release|Any CPU
		{88F88494-28F2-4340-8762-4C01D599BBF1}.Release|ARM64.ActiveCfg = Release|Any CPU
		{88F88494-28F2-4340-8762-4C01D599BBF1}.Release|ARM64.Build.0 = Release|Any CPU
		{88F88494-28F2-4340-8762-4C01D599BBF1}.Release|x64.ActiveCfg = Release|Any CPU
		{88F88494-28F2-4340-8762-4C01D599BBF1}.Release|x64.Build.0 = Release|Any CPU
		{88F88494-28F2-4340-8762-4C01D599BBF1}.Release|x86.ActiveCfg = Release|Any CPU
		{88F88494-28F2-4340-8762-4C01D599BBF1}.Release|x86.Build.0 = Release|Any CPU
		{88F88494-28F2-4340-8762-4C01D599BBF1}.ReleasePro|Any CPU.ActiveCfg = Release|Any CPU
		{88F88494-28F2-4340-8762-4C01D599BBF1}.ReleasePro|Any CPU.Build.0 = Release|Any CPU
		{88F88494-28F2-4340-8762-4C01D599BBF1}.ReleasePro|ARM.ActiveCfg = Release|Any CPU
		{88F88494-28F2-4340-8762-4C01D599BBF1}.ReleasePro|ARM.Build.0 = Release|Any CPU
		{88F88494-28F2-4340-8762-4C01D599BBF1}.ReleasePro|ARM64.ActiveCfg = Release|Any CPU
		{88F88494-28F2-4340-8762-4C01D599BBF1}.ReleasePro|ARM64.Build.0 = Release|Any CPU
		{88F88494-28F2-4340-8762-4C01D599BBF1}.ReleasePro|x64.ActiveCfg = Release|Any CPU
		{88F88494-28F2-4340-8762-4C01D599BBF1}.ReleasePro|x64.Build.0 = Release|Any CPU
		{88F88494-28F2-4340-8762-4C01D599BBF1}.ReleasePro|x86.ActiveCfg = Release|Any CPU
		{88F88494-28F2-4340-8762-4C01D599BBF1}.ReleasePro|x86.Build.0 = Release|Any CPU
		{3CF17FC5-60AF-4882-84F8-C836E77D7ABB}.Debug|Any CPU.ActiveCfg = Debug|Any CPU
		{3CF17FC5-60AF-4882-84F8-C836E77D7ABB}.Debug|Any CPU.Build.0 = Debug|Any CPU
		{3CF17FC5-60AF-4882-84F8-C836E77D7ABB}.Debug|ARM.ActiveCfg = Debug|Any CPU
		{3CF17FC5-60AF-4882-84F8-C836E77D7ABB}.Debug|ARM.Build.0 = Debug|Any CPU
		{3CF17FC5-60AF-4882-84F8-C836E77D7ABB}.Debug|ARM64.ActiveCfg = Debug|Any CPU
		{3CF17FC5-60AF-4882-84F8-C836E77D7ABB}.Debug|ARM64.Build.0 = Debug|Any CPU
		{3CF17FC5-60AF-4882-84F8-C836E77D7ABB}.Debug|x64.ActiveCfg = Debug|Any CPU
		{3CF17FC5-60AF-4882-84F8-C836E77D7ABB}.Debug|x64.Build.0 = Debug|Any CPU
		{3CF17FC5-60AF-4882-84F8-C836E77D7ABB}.Debug|x86.ActiveCfg = Debug|Any CPU
		{3CF17FC5-60AF-4882-84F8-C836E77D7ABB}.Debug|x86.Build.0 = Debug|Any CPU
		{3CF17FC5-60AF-4882-84F8-C836E77D7ABB}.DebugPro|Any CPU.ActiveCfg = Debug|Any CPU
		{3CF17FC5-60AF-4882-84F8-C836E77D7ABB}.DebugPro|Any CPU.Build.0 = Debug|Any CPU
		{3CF17FC5-60AF-4882-84F8-C836E77D7ABB}.DebugPro|ARM.ActiveCfg = Debug|Any CPU
		{3CF17FC5-60AF-4882-84F8-C836E77D7ABB}.DebugPro|ARM.Build.0 = Debug|Any CPU
		{3CF17FC5-60AF-4882-84F8-C836E77D7ABB}.DebugPro|ARM64.ActiveCfg = Debug|Any CPU
		{3CF17FC5-60AF-4882-84F8-C836E77D7ABB}.DebugPro|ARM64.Build.0 = Debug|Any CPU
		{3CF17FC5-60AF-4882-84F8-C836E77D7ABB}.DebugPro|x64.ActiveCfg = Debug|Any CPU
		{3CF17FC5-60AF-4882-84F8-C836E77D7ABB}.DebugPro|x64.Build.0 = Debug|Any CPU
		{3CF17FC5-60AF-4882-84F8-C836E77D7ABB}.DebugPro|x86.ActiveCfg = Debug|Any CPU
		{3CF17FC5-60AF-4882-84F8-C836E77D7ABB}.DebugPro|x86.Build.0 = Debug|Any CPU
		{3CF17FC5-60AF-4882-84F8-C836E77D7ABB}.Release|Any CPU.ActiveCfg = Release|Any CPU
		{3CF17FC5-60AF-4882-84F8-C836E77D7ABB}.Release|Any CPU.Build.0 = Release|Any CPU
		{3CF17FC5-60AF-4882-84F8-C836E77D7ABB}.Release|ARM.ActiveCfg = Release|Any CPU
		{3CF17FC5-60AF-4882-84F8-C836E77D7ABB}.Release|ARM.Build.0 = Release|Any CPU
		{3CF17FC5-60AF-4882-84F8-C836E77D7ABB}.Release|ARM64.ActiveCfg = Release|Any CPU
		{3CF17FC5-60AF-4882-84F8-C836E77D7ABB}.Release|ARM64.Build.0 = Release|Any CPU
		{3CF17FC5-60AF-4882-84F8-C836E77D7ABB}.Release|x64.ActiveCfg = Release|Any CPU
		{3CF17FC5-60AF-4882-84F8-C836E77D7ABB}.Release|x64.Build.0 = Release|Any CPU
		{3CF17FC5-60AF-4882-84F8-C836E77D7ABB}.Release|x86.ActiveCfg = Release|Any CPU
		{3CF17FC5-60AF-4882-84F8-C836E77D7ABB}.Release|x86.Build.0 = Release|Any CPU
		{3CF17FC5-60AF-4882-84F8-C836E77D7ABB}.ReleasePro|Any CPU.ActiveCfg = Release|Any CPU
		{3CF17FC5-60AF-4882-84F8-C836E77D7ABB}.ReleasePro|ARM.ActiveCfg = Release|Any CPU
		{3CF17FC5-60AF-4882-84F8-C836E77D7ABB}.ReleasePro|ARM.Build.0 = Release|Any CPU
		{3CF17FC5-60AF-4882-84F8-C836E77D7ABB}.ReleasePro|ARM64.ActiveCfg = Release|Any CPU
		{3CF17FC5-60AF-4882-84F8-C836E77D7ABB}.ReleasePro|ARM64.Build.0 = Release|Any CPU
		{3CF17FC5-60AF-4882-84F8-C836E77D7ABB}.ReleasePro|x64.ActiveCfg = Release|Any CPU
		{3CF17FC5-60AF-4882-84F8-C836E77D7ABB}.ReleasePro|x64.Build.0 = Release|Any CPU
		{3CF17FC5-60AF-4882-84F8-C836E77D7ABB}.ReleasePro|x86.ActiveCfg = Release|Any CPU
		{3CF17FC5-60AF-4882-84F8-C836E77D7ABB}.ReleasePro|x86.Build.0 = Release|Any CPU
		{8130A732-6ECE-4112-80BF-FC7CA6D7FC1C}.Debug|Any CPU.ActiveCfg = Debug|Any CPU
		{8130A732-6ECE-4112-80BF-FC7CA6D7FC1C}.Debug|Any CPU.Build.0 = Debug|Any CPU
		{8130A732-6ECE-4112-80BF-FC7CA6D7FC1C}.Debug|ARM.ActiveCfg = Debug|Any CPU
		{8130A732-6ECE-4112-80BF-FC7CA6D7FC1C}.Debug|ARM.Build.0 = Debug|Any CPU
		{8130A732-6ECE-4112-80BF-FC7CA6D7FC1C}.Debug|ARM64.ActiveCfg = Debug|Any CPU
		{8130A732-6ECE-4112-80BF-FC7CA6D7FC1C}.Debug|ARM64.Build.0 = Debug|Any CPU
		{8130A732-6ECE-4112-80BF-FC7CA6D7FC1C}.Debug|x64.ActiveCfg = Debug|Any CPU
		{8130A732-6ECE-4112-80BF-FC7CA6D7FC1C}.Debug|x64.Build.0 = Debug|Any CPU
		{8130A732-6ECE-4112-80BF-FC7CA6D7FC1C}.Debug|x86.ActiveCfg = Debug|Any CPU
		{8130A732-6ECE-4112-80BF-FC7CA6D7FC1C}.Debug|x86.Build.0 = Debug|Any CPU
		{8130A732-6ECE-4112-80BF-FC7CA6D7FC1C}.DebugPro|Any CPU.ActiveCfg = Debug|Any CPU
		{8130A732-6ECE-4112-80BF-FC7CA6D7FC1C}.DebugPro|Any CPU.Build.0 = Debug|Any CPU
		{8130A732-6ECE-4112-80BF-FC7CA6D7FC1C}.DebugPro|ARM.ActiveCfg = Debug|Any CPU
		{8130A732-6ECE-4112-80BF-FC7CA6D7FC1C}.DebugPro|ARM.Build.0 = Debug|Any CPU
		{8130A732-6ECE-4112-80BF-FC7CA6D7FC1C}.DebugPro|ARM64.ActiveCfg = Debug|Any CPU
		{8130A732-6ECE-4112-80BF-FC7CA6D7FC1C}.DebugPro|ARM64.Build.0 = Debug|Any CPU
		{8130A732-6ECE-4112-80BF-FC7CA6D7FC1C}.DebugPro|x64.ActiveCfg = Debug|Any CPU
		{8130A732-6ECE-4112-80BF-FC7CA6D7FC1C}.DebugPro|x64.Build.0 = Debug|Any CPU
		{8130A732-6ECE-4112-80BF-FC7CA6D7FC1C}.DebugPro|x86.ActiveCfg = Debug|Any CPU
		{8130A732-6ECE-4112-80BF-FC7CA6D7FC1C}.DebugPro|x86.Build.0 = Debug|Any CPU
		{8130A732-6ECE-4112-80BF-FC7CA6D7FC1C}.Release|Any CPU.ActiveCfg = Release|Any CPU
		{8130A732-6ECE-4112-80BF-FC7CA6D7FC1C}.Release|Any CPU.Build.0 = Release|Any CPU
		{8130A732-6ECE-4112-80BF-FC7CA6D7FC1C}.Release|ARM.ActiveCfg = Release|Any CPU
		{8130A732-6ECE-4112-80BF-FC7CA6D7FC1C}.Release|ARM.Build.0 = Release|Any CPU
		{8130A732-6ECE-4112-80BF-FC7CA6D7FC1C}.Release|ARM64.ActiveCfg = Release|Any CPU
		{8130A732-6ECE-4112-80BF-FC7CA6D7FC1C}.Release|ARM64.Build.0 = Release|Any CPU
		{8130A732-6ECE-4112-80BF-FC7CA6D7FC1C}.Release|x64.ActiveCfg = Release|Any CPU
		{8130A732-6ECE-4112-80BF-FC7CA6D7FC1C}.Release|x64.Build.0 = Release|Any CPU
		{8130A732-6ECE-4112-80BF-FC7CA6D7FC1C}.Release|x86.ActiveCfg = Release|Any CPU
		{8130A732-6ECE-4112-80BF-FC7CA6D7FC1C}.Release|x86.Build.0 = Release|Any CPU
		{8130A732-6ECE-4112-80BF-FC7CA6D7FC1C}.ReleasePro|Any CPU.ActiveCfg = Release|Any CPU
		{8130A732-6ECE-4112-80BF-FC7CA6D7FC1C}.ReleasePro|ARM.ActiveCfg = Release|Any CPU
		{8130A732-6ECE-4112-80BF-FC7CA6D7FC1C}.ReleasePro|ARM.Build.0 = Release|Any CPU
		{8130A732-6ECE-4112-80BF-FC7CA6D7FC1C}.ReleasePro|ARM64.ActiveCfg = Release|Any CPU
		{8130A732-6ECE-4112-80BF-FC7CA6D7FC1C}.ReleasePro|ARM64.Build.0 = Release|Any CPU
		{8130A732-6ECE-4112-80BF-FC7CA6D7FC1C}.ReleasePro|x64.ActiveCfg = Release|Any CPU
		{8130A732-6ECE-4112-80BF-FC7CA6D7FC1C}.ReleasePro|x64.Build.0 = Release|Any CPU
		{8130A732-6ECE-4112-80BF-FC7CA6D7FC1C}.ReleasePro|x86.ActiveCfg = Release|Any CPU
		{8130A732-6ECE-4112-80BF-FC7CA6D7FC1C}.ReleasePro|x86.Build.0 = Release|Any CPU
		{C2C14D32-CC57-46FC-BE9B-418B92F30881}.Debug|Any CPU.ActiveCfg = Debug|Any CPU
		{C2C14D32-CC57-46FC-BE9B-418B92F30881}.Debug|Any CPU.Build.0 = Debug|Any CPU
		{C2C14D32-CC57-46FC-BE9B-418B92F30881}.Debug|ARM.ActiveCfg = Debug|Any CPU
		{C2C14D32-CC57-46FC-BE9B-418B92F30881}.Debug|ARM.Build.0 = Debug|Any CPU
		{C2C14D32-CC57-46FC-BE9B-418B92F30881}.Debug|ARM64.ActiveCfg = Debug|Any CPU
		{C2C14D32-CC57-46FC-BE9B-418B92F30881}.Debug|ARM64.Build.0 = Debug|Any CPU
		{C2C14D32-CC57-46FC-BE9B-418B92F30881}.Debug|x64.ActiveCfg = Debug|Any CPU
		{C2C14D32-CC57-46FC-BE9B-418B92F30881}.Debug|x64.Build.0 = Debug|Any CPU
		{C2C14D32-CC57-46FC-BE9B-418B92F30881}.Debug|x86.ActiveCfg = Debug|Any CPU
		{C2C14D32-CC57-46FC-BE9B-418B92F30881}.Debug|x86.Build.0 = Debug|Any CPU
		{C2C14D32-CC57-46FC-BE9B-418B92F30881}.DebugPro|Any CPU.ActiveCfg = Debug|Any CPU
		{C2C14D32-CC57-46FC-BE9B-418B92F30881}.DebugPro|Any CPU.Build.0 = Debug|Any CPU
		{C2C14D32-CC57-46FC-BE9B-418B92F30881}.DebugPro|ARM.ActiveCfg = Debug|Any CPU
		{C2C14D32-CC57-46FC-BE9B-418B92F30881}.DebugPro|ARM.Build.0 = Debug|Any CPU
		{C2C14D32-CC57-46FC-BE9B-418B92F30881}.DebugPro|ARM64.ActiveCfg = Debug|Any CPU
		{C2C14D32-CC57-46FC-BE9B-418B92F30881}.DebugPro|ARM64.Build.0 = Debug|Any CPU
		{C2C14D32-CC57-46FC-BE9B-418B92F30881}.DebugPro|x64.ActiveCfg = Debug|Any CPU
		{C2C14D32-CC57-46FC-BE9B-418B92F30881}.DebugPro|x64.Build.0 = Debug|Any CPU
		{C2C14D32-CC57-46FC-BE9B-418B92F30881}.DebugPro|x86.ActiveCfg = Debug|Any CPU
		{C2C14D32-CC57-46FC-BE9B-418B92F30881}.DebugPro|x86.Build.0 = Debug|Any CPU
		{C2C14D32-CC57-46FC-BE9B-418B92F30881}.Release|Any CPU.ActiveCfg = Release|Any CPU
		{C2C14D32-CC57-46FC-BE9B-418B92F30881}.Release|Any CPU.Build.0 = Release|Any CPU
		{C2C14D32-CC57-46FC-BE9B-418B92F30881}.Release|ARM.ActiveCfg = Release|Any CPU
		{C2C14D32-CC57-46FC-BE9B-418B92F30881}.Release|ARM.Build.0 = Release|Any CPU
		{C2C14D32-CC57-46FC-BE9B-418B92F30881}.Release|ARM64.ActiveCfg = Release|Any CPU
		{C2C14D32-CC57-46FC-BE9B-418B92F30881}.Release|ARM64.Build.0 = Release|Any CPU
		{C2C14D32-CC57-46FC-BE9B-418B92F30881}.Release|x64.ActiveCfg = Release|Any CPU
		{C2C14D32-CC57-46FC-BE9B-418B92F30881}.Release|x64.Build.0 = Release|Any CPU
		{C2C14D32-CC57-46FC-BE9B-418B92F30881}.Release|x86.ActiveCfg = Release|Any CPU
		{C2C14D32-CC57-46FC-BE9B-418B92F30881}.Release|x86.Build.0 = Release|Any CPU
		{C2C14D32-CC57-46FC-BE9B-418B92F30881}.ReleasePro|Any CPU.ActiveCfg = Release|Any CPU
		{C2C14D32-CC57-46FC-BE9B-418B92F30881}.ReleasePro|ARM.ActiveCfg = Release|Any CPU
		{C2C14D32-CC57-46FC-BE9B-418B92F30881}.ReleasePro|ARM.Build.0 = Release|Any CPU
		{C2C14D32-CC57-46FC-BE9B-418B92F30881}.ReleasePro|ARM64.ActiveCfg = Release|Any CPU
		{C2C14D32-CC57-46FC-BE9B-418B92F30881}.ReleasePro|ARM64.Build.0 = Release|Any CPU
		{C2C14D32-CC57-46FC-BE9B-418B92F30881}.ReleasePro|x64.ActiveCfg = Release|Any CPU
		{C2C14D32-CC57-46FC-BE9B-418B92F30881}.ReleasePro|x64.Build.0 = Release|Any CPU
		{C2C14D32-CC57-46FC-BE9B-418B92F30881}.ReleasePro|x86.ActiveCfg = Release|Any CPU
		{C2C14D32-CC57-46FC-BE9B-418B92F30881}.ReleasePro|x86.Build.0 = Release|Any CPU
		{C0E60B32-BB48-46A2-A91F-D37A6B6F7664}.Debug|Any CPU.ActiveCfg = Debug|Any CPU
		{C0E60B32-BB48-46A2-A91F-D37A6B6F7664}.Debug|Any CPU.Build.0 = Debug|Any CPU
		{C0E60B32-BB48-46A2-A91F-D37A6B6F7664}.Debug|ARM.ActiveCfg = Debug|Any CPU
		{C0E60B32-BB48-46A2-A91F-D37A6B6F7664}.Debug|ARM.Build.0 = Debug|Any CPU
		{C0E60B32-BB48-46A2-A91F-D37A6B6F7664}.Debug|ARM64.ActiveCfg = Debug|Any CPU
		{C0E60B32-BB48-46A2-A91F-D37A6B6F7664}.Debug|ARM64.Build.0 = Debug|Any CPU
		{C0E60B32-BB48-46A2-A91F-D37A6B6F7664}.Debug|x64.ActiveCfg = Debug|Any CPU
		{C0E60B32-BB48-46A2-A91F-D37A6B6F7664}.Debug|x64.Build.0 = Debug|Any CPU
		{C0E60B32-BB48-46A2-A91F-D37A6B6F7664}.Debug|x86.ActiveCfg = Debug|Any CPU
		{C0E60B32-BB48-46A2-A91F-D37A6B6F7664}.Debug|x86.Build.0 = Debug|Any CPU
		{C0E60B32-BB48-46A2-A91F-D37A6B6F7664}.DebugPro|Any CPU.ActiveCfg = DebugPro|Any CPU
		{C0E60B32-BB48-46A2-A91F-D37A6B6F7664}.DebugPro|Any CPU.Build.0 = DebugPro|Any CPU
		{C0E60B32-BB48-46A2-A91F-D37A6B6F7664}.DebugPro|ARM.ActiveCfg = Debug|Any CPU
		{C0E60B32-BB48-46A2-A91F-D37A6B6F7664}.DebugPro|ARM.Build.0 = Debug|Any CPU
		{C0E60B32-BB48-46A2-A91F-D37A6B6F7664}.DebugPro|ARM64.ActiveCfg = Debug|Any CPU
		{C0E60B32-BB48-46A2-A91F-D37A6B6F7664}.DebugPro|ARM64.Build.0 = Debug|Any CPU
		{C0E60B32-BB48-46A2-A91F-D37A6B6F7664}.DebugPro|x64.ActiveCfg = Debug|Any CPU
		{C0E60B32-BB48-46A2-A91F-D37A6B6F7664}.DebugPro|x64.Build.0 = Debug|Any CPU
		{C0E60B32-BB48-46A2-A91F-D37A6B6F7664}.DebugPro|x86.ActiveCfg = Debug|Any CPU
		{C0E60B32-BB48-46A2-A91F-D37A6B6F7664}.DebugPro|x86.Build.0 = Debug|Any CPU
		{C0E60B32-BB48-46A2-A91F-D37A6B6F7664}.Release|Any CPU.ActiveCfg = Release|Any CPU
		{C0E60B32-BB48-46A2-A91F-D37A6B6F7664}.Release|Any CPU.Build.0 = Release|Any CPU
		{C0E60B32-BB48-46A2-A91F-D37A6B6F7664}.Release|ARM.ActiveCfg = Release|Any CPU
		{C0E60B32-BB48-46A2-A91F-D37A6B6F7664}.Release|ARM.Build.0 = Release|Any CPU
		{C0E60B32-BB48-46A2-A91F-D37A6B6F7664}.Release|ARM64.ActiveCfg = Release|Any CPU
		{C0E60B32-BB48-46A2-A91F-D37A6B6F7664}.Release|ARM64.Build.0 = Release|Any CPU
		{C0E60B32-BB48-46A2-A91F-D37A6B6F7664}.Release|x64.ActiveCfg = Release|Any CPU
		{C0E60B32-BB48-46A2-A91F-D37A6B6F7664}.Release|x64.Build.0 = Release|Any CPU
		{C0E60B32-BB48-46A2-A91F-D37A6B6F7664}.Release|x86.ActiveCfg = Release|Any CPU
		{C0E60B32-BB48-46A2-A91F-D37A6B6F7664}.Release|x86.Build.0 = Release|Any CPU
		{C0E60B32-BB48-46A2-A91F-D37A6B6F7664}.ReleasePro|Any CPU.ActiveCfg = ReleasePro|Any CPU
		{C0E60B32-BB48-46A2-A91F-D37A6B6F7664}.ReleasePro|Any CPU.Build.0 = ReleasePro|Any CPU
		{C0E60B32-BB48-46A2-A91F-D37A6B6F7664}.ReleasePro|ARM.ActiveCfg = Release|Any CPU
		{C0E60B32-BB48-46A2-A91F-D37A6B6F7664}.ReleasePro|ARM.Build.0 = Release|Any CPU
		{C0E60B32-BB48-46A2-A91F-D37A6B6F7664}.ReleasePro|ARM64.ActiveCfg = Release|Any CPU
		{C0E60B32-BB48-46A2-A91F-D37A6B6F7664}.ReleasePro|ARM64.Build.0 = Release|Any CPU
		{C0E60B32-BB48-46A2-A91F-D37A6B6F7664}.ReleasePro|x64.ActiveCfg = Release|Any CPU
		{C0E60B32-BB48-46A2-A91F-D37A6B6F7664}.ReleasePro|x64.Build.0 = Release|Any CPU
		{C0E60B32-BB48-46A2-A91F-D37A6B6F7664}.ReleasePro|x86.ActiveCfg = Release|Any CPU
		{C0E60B32-BB48-46A2-A91F-D37A6B6F7664}.ReleasePro|x86.Build.0 = Release|Any CPU
		{1EC20BF0-EB53-46D1-9FD0-209A6EEA5634}.Debug|Any CPU.ActiveCfg = Debug|Any CPU
		{1EC20BF0-EB53-46D1-9FD0-209A6EEA5634}.Debug|Any CPU.Build.0 = Debug|Any CPU
		{1EC20BF0-EB53-46D1-9FD0-209A6EEA5634}.Debug|ARM.ActiveCfg = Debug|Any CPU
		{1EC20BF0-EB53-46D1-9FD0-209A6EEA5634}.Debug|ARM.Build.0 = Debug|Any CPU
		{1EC20BF0-EB53-46D1-9FD0-209A6EEA5634}.Debug|ARM64.ActiveCfg = Debug|Any CPU
		{1EC20BF0-EB53-46D1-9FD0-209A6EEA5634}.Debug|ARM64.Build.0 = Debug|Any CPU
		{1EC20BF0-EB53-46D1-9FD0-209A6EEA5634}.Debug|x64.ActiveCfg = Debug|Any CPU
		{1EC20BF0-EB53-46D1-9FD0-209A6EEA5634}.Debug|x64.Build.0 = Debug|Any CPU
		{1EC20BF0-EB53-46D1-9FD0-209A6EEA5634}.Debug|x86.ActiveCfg = Debug|Any CPU
		{1EC20BF0-EB53-46D1-9FD0-209A6EEA5634}.Debug|x86.Build.0 = Debug|Any CPU
		{1EC20BF0-EB53-46D1-9FD0-209A6EEA5634}.DebugPro|Any CPU.ActiveCfg = Debug|Any CPU
		{1EC20BF0-EB53-46D1-9FD0-209A6EEA5634}.DebugPro|Any CPU.Build.0 = Debug|Any CPU
		{1EC20BF0-EB53-46D1-9FD0-209A6EEA5634}.DebugPro|ARM.ActiveCfg = Debug|Any CPU
		{1EC20BF0-EB53-46D1-9FD0-209A6EEA5634}.DebugPro|ARM.Build.0 = Debug|Any CPU
		{1EC20BF0-EB53-46D1-9FD0-209A6EEA5634}.DebugPro|ARM64.ActiveCfg = Debug|Any CPU
		{1EC20BF0-EB53-46D1-9FD0-209A6EEA5634}.DebugPro|ARM64.Build.0 = Debug|Any CPU
		{1EC20BF0-EB53-46D1-9FD0-209A6EEA5634}.DebugPro|x64.ActiveCfg = Debug|Any CPU
		{1EC20BF0-EB53-46D1-9FD0-209A6EEA5634}.DebugPro|x64.Build.0 = Debug|Any CPU
		{1EC20BF0-EB53-46D1-9FD0-209A6EEA5634}.DebugPro|x86.ActiveCfg = Debug|Any CPU
		{1EC20BF0-EB53-46D1-9FD0-209A6EEA5634}.DebugPro|x86.Build.0 = Debug|Any CPU
		{1EC20BF0-EB53-46D1-9FD0-209A6EEA5634}.Release|Any CPU.ActiveCfg = Release|Any CPU
		{1EC20BF0-EB53-46D1-9FD0-209A6EEA5634}.Release|Any CPU.Build.0 = Release|Any CPU
		{1EC20BF0-EB53-46D1-9FD0-209A6EEA5634}.Release|ARM.ActiveCfg = Release|Any CPU
		{1EC20BF0-EB53-46D1-9FD0-209A6EEA5634}.Release|ARM.Build.0 = Release|Any CPU
		{1EC20BF0-EB53-46D1-9FD0-209A6EEA5634}.Release|ARM64.ActiveCfg = Release|Any CPU
		{1EC20BF0-EB53-46D1-9FD0-209A6EEA5634}.Release|ARM64.Build.0 = Release|Any CPU
		{1EC20BF0-EB53-46D1-9FD0-209A6EEA5634}.Release|x64.ActiveCfg = Release|Any CPU
		{1EC20BF0-EB53-46D1-9FD0-209A6EEA5634}.Release|x64.Build.0 = Release|Any CPU
		{1EC20BF0-EB53-46D1-9FD0-209A6EEA5634}.Release|x86.ActiveCfg = Release|Any CPU
		{1EC20BF0-EB53-46D1-9FD0-209A6EEA5634}.Release|x86.Build.0 = Release|Any CPU
		{1EC20BF0-EB53-46D1-9FD0-209A6EEA5634}.ReleasePro|Any CPU.ActiveCfg = Release|Any CPU
		{1EC20BF0-EB53-46D1-9FD0-209A6EEA5634}.ReleasePro|Any CPU.Build.0 = Release|Any CPU
		{1EC20BF0-EB53-46D1-9FD0-209A6EEA5634}.ReleasePro|ARM.ActiveCfg = Release|Any CPU
		{1EC20BF0-EB53-46D1-9FD0-209A6EEA5634}.ReleasePro|ARM.Build.0 = Release|Any CPU
		{1EC20BF0-EB53-46D1-9FD0-209A6EEA5634}.ReleasePro|ARM64.ActiveCfg = Release|Any CPU
		{1EC20BF0-EB53-46D1-9FD0-209A6EEA5634}.ReleasePro|ARM64.Build.0 = Release|Any CPU
		{1EC20BF0-EB53-46D1-9FD0-209A6EEA5634}.ReleasePro|x64.ActiveCfg = Release|Any CPU
		{1EC20BF0-EB53-46D1-9FD0-209A6EEA5634}.ReleasePro|x64.Build.0 = Release|Any CPU
		{1EC20BF0-EB53-46D1-9FD0-209A6EEA5634}.ReleasePro|x86.ActiveCfg = Release|Any CPU
		{1EC20BF0-EB53-46D1-9FD0-209A6EEA5634}.ReleasePro|x86.Build.0 = Release|Any CPU
		{6F049850-2655-4DA6-BCE0-14C61C9C9D48}.Debug|Any CPU.ActiveCfg = Debug|Any CPU
		{6F049850-2655-4DA6-BCE0-14C61C9C9D48}.Debug|Any CPU.Build.0 = Debug|Any CPU
		{6F049850-2655-4DA6-BCE0-14C61C9C9D48}.Debug|ARM.ActiveCfg = Debug|Any CPU
		{6F049850-2655-4DA6-BCE0-14C61C9C9D48}.Debug|ARM.Build.0 = Debug|Any CPU
		{6F049850-2655-4DA6-BCE0-14C61C9C9D48}.Debug|ARM64.ActiveCfg = Debug|Any CPU
		{6F049850-2655-4DA6-BCE0-14C61C9C9D48}.Debug|ARM64.Build.0 = Debug|Any CPU
		{6F049850-2655-4DA6-BCE0-14C61C9C9D48}.Debug|x64.ActiveCfg = Debug|Any CPU
		{6F049850-2655-4DA6-BCE0-14C61C9C9D48}.Debug|x64.Build.0 = Debug|Any CPU
		{6F049850-2655-4DA6-BCE0-14C61C9C9D48}.Debug|x86.ActiveCfg = Debug|Any CPU
		{6F049850-2655-4DA6-BCE0-14C61C9C9D48}.Debug|x86.Build.0 = Debug|Any CPU
		{6F049850-2655-4DA6-BCE0-14C61C9C9D48}.DebugPro|Any CPU.ActiveCfg = DebugPro|Any CPU
		{6F049850-2655-4DA6-BCE0-14C61C9C9D48}.DebugPro|Any CPU.Build.0 = DebugPro|Any CPU
		{6F049850-2655-4DA6-BCE0-14C61C9C9D48}.DebugPro|ARM.ActiveCfg = Debug|Any CPU
		{6F049850-2655-4DA6-BCE0-14C61C9C9D48}.DebugPro|ARM.Build.0 = Debug|Any CPU
		{6F049850-2655-4DA6-BCE0-14C61C9C9D48}.DebugPro|ARM64.ActiveCfg = Debug|Any CPU
		{6F049850-2655-4DA6-BCE0-14C61C9C9D48}.DebugPro|ARM64.Build.0 = Debug|Any CPU
		{6F049850-2655-4DA6-BCE0-14C61C9C9D48}.DebugPro|x64.ActiveCfg = Debug|Any CPU
		{6F049850-2655-4DA6-BCE0-14C61C9C9D48}.DebugPro|x64.Build.0 = Debug|Any CPU
		{6F049850-2655-4DA6-BCE0-14C61C9C9D48}.DebugPro|x86.ActiveCfg = Debug|Any CPU
		{6F049850-2655-4DA6-BCE0-14C61C9C9D48}.DebugPro|x86.Build.0 = Debug|Any CPU
		{6F049850-2655-4DA6-BCE0-14C61C9C9D48}.Release|Any CPU.ActiveCfg = Release|Any CPU
		{6F049850-2655-4DA6-BCE0-14C61C9C9D48}.Release|Any CPU.Build.0 = Release|Any CPU
		{6F049850-2655-4DA6-BCE0-14C61C9C9D48}.Release|ARM.ActiveCfg = Release|Any CPU
		{6F049850-2655-4DA6-BCE0-14C61C9C9D48}.Release|ARM.Build.0 = Release|Any CPU
		{6F049850-2655-4DA6-BCE0-14C61C9C9D48}.Release|ARM64.ActiveCfg = Release|Any CPU
		{6F049850-2655-4DA6-BCE0-14C61C9C9D48}.Release|ARM64.Build.0 = Release|Any CPU
		{6F049850-2655-4DA6-BCE0-14C61C9C9D48}.Release|x64.ActiveCfg = Release|Any CPU
		{6F049850-2655-4DA6-BCE0-14C61C9C9D48}.Release|x64.Build.0 = Release|Any CPU
		{6F049850-2655-4DA6-BCE0-14C61C9C9D48}.Release|x86.ActiveCfg = Release|Any CPU
		{6F049850-2655-4DA6-BCE0-14C61C9C9D48}.Release|x86.Build.0 = Release|Any CPU
		{6F049850-2655-4DA6-BCE0-14C61C9C9D48}.ReleasePro|Any CPU.ActiveCfg = ReleasePro|Any CPU
		{6F049850-2655-4DA6-BCE0-14C61C9C9D48}.ReleasePro|Any CPU.Build.0 = ReleasePro|Any CPU
		{6F049850-2655-4DA6-BCE0-14C61C9C9D48}.ReleasePro|ARM.ActiveCfg = Release|Any CPU
		{6F049850-2655-4DA6-BCE0-14C61C9C9D48}.ReleasePro|ARM.Build.0 = Release|Any CPU
		{6F049850-2655-4DA6-BCE0-14C61C9C9D48}.ReleasePro|ARM64.ActiveCfg = Release|Any CPU
		{6F049850-2655-4DA6-BCE0-14C61C9C9D48}.ReleasePro|ARM64.Build.0 = Release|Any CPU
		{6F049850-2655-4DA6-BCE0-14C61C9C9D48}.ReleasePro|x64.ActiveCfg = Release|Any CPU
		{6F049850-2655-4DA6-BCE0-14C61C9C9D48}.ReleasePro|x64.Build.0 = Release|Any CPU
		{6F049850-2655-4DA6-BCE0-14C61C9C9D48}.ReleasePro|x86.ActiveCfg = Release|Any CPU
		{6F049850-2655-4DA6-BCE0-14C61C9C9D48}.ReleasePro|x86.Build.0 = Release|Any CPU
		{73A8AAB0-6FD2-4740-A5E4-7418B1D1F829}.Debug|Any CPU.ActiveCfg = Debug|x64
		{73A8AAB0-6FD2-4740-A5E4-7418B1D1F829}.Debug|Any CPU.Build.0 = Debug|x64
		{73A8AAB0-6FD2-4740-A5E4-7418B1D1F829}.Debug|Any CPU.Deploy.0 = Debug|x64
		{73A8AAB0-6FD2-4740-A5E4-7418B1D1F829}.Debug|ARM.ActiveCfg = Debug|x64
		{73A8AAB0-6FD2-4740-A5E4-7418B1D1F829}.Debug|ARM.Build.0 = Debug|x64
		{73A8AAB0-6FD2-4740-A5E4-7418B1D1F829}.Debug|ARM.Deploy.0 = Debug|x64
		{73A8AAB0-6FD2-4740-A5E4-7418B1D1F829}.Debug|ARM64.ActiveCfg = Debug|arm64
		{73A8AAB0-6FD2-4740-A5E4-7418B1D1F829}.Debug|ARM64.Build.0 = Debug|arm64
		{73A8AAB0-6FD2-4740-A5E4-7418B1D1F829}.Debug|ARM64.Deploy.0 = Debug|arm64
		{73A8AAB0-6FD2-4740-A5E4-7418B1D1F829}.Debug|x64.ActiveCfg = Debug|x64
		{73A8AAB0-6FD2-4740-A5E4-7418B1D1F829}.Debug|x64.Build.0 = Debug|x64
		{73A8AAB0-6FD2-4740-A5E4-7418B1D1F829}.Debug|x64.Deploy.0 = Debug|x64
		{73A8AAB0-6FD2-4740-A5E4-7418B1D1F829}.Debug|x86.ActiveCfg = Debug|x86
		{73A8AAB0-6FD2-4740-A5E4-7418B1D1F829}.Debug|x86.Build.0 = Debug|x86
		{73A8AAB0-6FD2-4740-A5E4-7418B1D1F829}.Debug|x86.Deploy.0 = Debug|x86
		{73A8AAB0-6FD2-4740-A5E4-7418B1D1F829}.DebugPro|Any CPU.ActiveCfg = DebugPro|x86
		{73A8AAB0-6FD2-4740-A5E4-7418B1D1F829}.DebugPro|Any CPU.Build.0 = DebugPro|x86
		{73A8AAB0-6FD2-4740-A5E4-7418B1D1F829}.DebugPro|ARM.ActiveCfg = Debug|x86
		{73A8AAB0-6FD2-4740-A5E4-7418B1D1F829}.DebugPro|ARM.Build.0 = Debug|x86
		{73A8AAB0-6FD2-4740-A5E4-7418B1D1F829}.DebugPro|ARM.Deploy.0 = Debug|x86
		{73A8AAB0-6FD2-4740-A5E4-7418B1D1F829}.DebugPro|ARM64.ActiveCfg = Debug|arm64
		{73A8AAB0-6FD2-4740-A5E4-7418B1D1F829}.DebugPro|ARM64.Build.0 = Debug|arm64
		{73A8AAB0-6FD2-4740-A5E4-7418B1D1F829}.DebugPro|ARM64.Deploy.0 = Debug|arm64
		{73A8AAB0-6FD2-4740-A5E4-7418B1D1F829}.DebugPro|x64.ActiveCfg = Debug|x64
		{73A8AAB0-6FD2-4740-A5E4-7418B1D1F829}.DebugPro|x64.Build.0 = Debug|x64
		{73A8AAB0-6FD2-4740-A5E4-7418B1D1F829}.DebugPro|x64.Deploy.0 = Debug|x64
		{73A8AAB0-6FD2-4740-A5E4-7418B1D1F829}.DebugPro|x86.ActiveCfg = Debug|x86
		{73A8AAB0-6FD2-4740-A5E4-7418B1D1F829}.DebugPro|x86.Build.0 = Debug|x86
		{73A8AAB0-6FD2-4740-A5E4-7418B1D1F829}.DebugPro|x86.Deploy.0 = Debug|x86
		{73A8AAB0-6FD2-4740-A5E4-7418B1D1F829}.Release|Any CPU.ActiveCfg = Release|x64
		{73A8AAB0-6FD2-4740-A5E4-7418B1D1F829}.Release|Any CPU.Build.0 = Release|x64
		{73A8AAB0-6FD2-4740-A5E4-7418B1D1F829}.Release|Any CPU.Deploy.0 = Release|x64
		{73A8AAB0-6FD2-4740-A5E4-7418B1D1F829}.Release|ARM.ActiveCfg = Release|x64
		{73A8AAB0-6FD2-4740-A5E4-7418B1D1F829}.Release|ARM.Build.0 = Release|x64
		{73A8AAB0-6FD2-4740-A5E4-7418B1D1F829}.Release|ARM.Deploy.0 = Release|x64
		{73A8AAB0-6FD2-4740-A5E4-7418B1D1F829}.Release|ARM64.ActiveCfg = Release|arm64
		{73A8AAB0-6FD2-4740-A5E4-7418B1D1F829}.Release|ARM64.Build.0 = Release|arm64
		{73A8AAB0-6FD2-4740-A5E4-7418B1D1F829}.Release|ARM64.Deploy.0 = Release|arm64
		{73A8AAB0-6FD2-4740-A5E4-7418B1D1F829}.Release|x64.ActiveCfg = Release|x64
		{73A8AAB0-6FD2-4740-A5E4-7418B1D1F829}.Release|x64.Build.0 = Release|x64
		{73A8AAB0-6FD2-4740-A5E4-7418B1D1F829}.Release|x64.Deploy.0 = Release|x64
		{73A8AAB0-6FD2-4740-A5E4-7418B1D1F829}.Release|x86.ActiveCfg = Release|x86
		{73A8AAB0-6FD2-4740-A5E4-7418B1D1F829}.Release|x86.Build.0 = Release|x86
		{73A8AAB0-6FD2-4740-A5E4-7418B1D1F829}.Release|x86.Deploy.0 = Release|x86
		{73A8AAB0-6FD2-4740-A5E4-7418B1D1F829}.ReleasePro|Any CPU.ActiveCfg = ReleasePro|x86
		{73A8AAB0-6FD2-4740-A5E4-7418B1D1F829}.ReleasePro|Any CPU.Deploy.0 = ReleasePro|x86
		{73A8AAB0-6FD2-4740-A5E4-7418B1D1F829}.ReleasePro|ARM.ActiveCfg = Debug|x86
		{73A8AAB0-6FD2-4740-A5E4-7418B1D1F829}.ReleasePro|ARM.Build.0 = Debug|x86
		{73A8AAB0-6FD2-4740-A5E4-7418B1D1F829}.ReleasePro|ARM.Deploy.0 = Debug|x86
		{73A8AAB0-6FD2-4740-A5E4-7418B1D1F829}.ReleasePro|ARM64.ActiveCfg = Release|arm64
		{73A8AAB0-6FD2-4740-A5E4-7418B1D1F829}.ReleasePro|ARM64.Build.0 = Release|arm64
		{73A8AAB0-6FD2-4740-A5E4-7418B1D1F829}.ReleasePro|ARM64.Deploy.0 = Release|arm64
		{73A8AAB0-6FD2-4740-A5E4-7418B1D1F829}.ReleasePro|x64.ActiveCfg = Release|x64
		{73A8AAB0-6FD2-4740-A5E4-7418B1D1F829}.ReleasePro|x64.Build.0 = Release|x64
		{73A8AAB0-6FD2-4740-A5E4-7418B1D1F829}.ReleasePro|x64.Deploy.0 = Release|x64
		{73A8AAB0-6FD2-4740-A5E4-7418B1D1F829}.ReleasePro|x86.ActiveCfg = Release|x86
		{73A8AAB0-6FD2-4740-A5E4-7418B1D1F829}.ReleasePro|x86.Build.0 = Release|x86
		{73A8AAB0-6FD2-4740-A5E4-7418B1D1F829}.ReleasePro|x86.Deploy.0 = Release|x86
	EndGlobalSection
	GlobalSection(SolutionProperties) = preSolution
		HideSolutionNode = FALSE
	EndGlobalSection
	GlobalSection(NestedProjects) = preSolution
		{DC8F0D88-4BB3-4877-B453-04FE6AB420C4} = {D67C2CEA-B19F-461E-857A-EEAFD66EEF68}
		{51152FA9-9588-4ADD-B693-FFAF5BBFBD65} = {0B145F86-1BBE-48F5-A40F-B561FAFAF174}
		{11B6C158-417B-418F-A0F2-ECB5B0AD13D8} = {0B145F86-1BBE-48F5-A40F-B561FAFAF174}
		{51FD009E-4CEE-4605-AF9D-DDD83AFD6AB5} = {0B145F86-1BBE-48F5-A40F-B561FAFAF174}
		{2F8530CA-7582-455F-96A4-C33839502EE4} = {D67C2CEA-B19F-461E-857A-EEAFD66EEF68}
		{86CC346F-C01F-4052-B35F-5FE8FBF86B82} = {D67C2CEA-B19F-461E-857A-EEAFD66EEF68}
		{01B24ABC-B5D6-4EE7-A8E3-C9BD9D23CEF6} = {5A6607A1-5C5D-4D41-95B3-FC7A2C57D1EB}
		{F371A551-7B55-491A-8C5A-8A2AA1C7BFC1} = {5A6607A1-5C5D-4D41-95B3-FC7A2C57D1EB}
		{D25EA074-3AD4-49F1-844E-D0BD86596E0C} = {5A6607A1-5C5D-4D41-95B3-FC7A2C57D1EB}
		{F65AE66B-CA18-43B8-AF12-F17C5744A27C} = {E479D46E-FAED-437E-BDF3-D7FAC2F29821}
		{5A6607A1-5C5D-4D41-95B3-FC7A2C57D1EB} = {A4FA45D3-1AE7-4FE8-B096-542B274582E8}
		{E479D46E-FAED-437E-BDF3-D7FAC2F29821} = {A4FA45D3-1AE7-4FE8-B096-542B274582E8}
		{B00644F3-59BC-4294-8E99-D1C79E0C70AC} = {B0B093EC-651A-4D61-AD2B-5D9286D663EB}
		{E51F9E83-4305-42C3-8D72-73AE7BC141C2} = {B0B093EC-651A-4D61-AD2B-5D9286D663EB}
		{88F88494-28F2-4340-8762-4C01D599BBF1} = {B0B093EC-651A-4D61-AD2B-5D9286D663EB}
		{3CF17FC5-60AF-4882-84F8-C836E77D7ABB} = {864C8755-8660-4C70-8D0E-E10D6C914343}
		{8130A732-6ECE-4112-80BF-FC7CA6D7FC1C} = {864C8755-8660-4C70-8D0E-E10D6C914343}
		{C2C14D32-CC57-46FC-BE9B-418B92F30881} = {864C8755-8660-4C70-8D0E-E10D6C914343}
		{C0E60B32-BB48-46A2-A91F-D37A6B6F7664} = {0B145F86-1BBE-48F5-A40F-B561FAFAF174}
		{1EC20BF0-EB53-46D1-9FD0-209A6EEA5634} = {B0B093EC-651A-4D61-AD2B-5D9286D663EB}
		{6F049850-2655-4DA6-BCE0-14C61C9C9D48} = {D67C2CEA-B19F-461E-857A-EEAFD66EEF68}
		{49BAF5F9-43CC-419F-960D-B969E5F6AB9B} = {A4FA45D3-1AE7-4FE8-B096-542B274582E8}
		{73A8AAB0-6FD2-4740-A5E4-7418B1D1F829} = {49BAF5F9-43CC-419F-960D-B969E5F6AB9B}
	EndGlobalSection
	GlobalSection(ExtensibilityGlobals) = postSolution
		SolutionGuid = {ED777760-5E59-4008-834B-7373DE008E3F}
	EndGlobalSection
EndGlobal
